// !$*UTF8*$!
{
	archiveVersion = 1;
	classes = {
	};
	objectVersion = 46;
	objects = {

/* Begin PBXBuildFile section */
		A4005B811A5A6A9600F2FEBB /* DCBallMainViewController.m in Sources */ = {isa = PBXBuildFile; fileRef = A4005B7F1A5A6A9600F2FEBB /* DCBallMainViewController.m */; };
		A4005B821A5A6A9600F2FEBB /* DCBallMainViewController_iPhone.xib in Resources */ = {isa = PBXBuildFile; fileRef = A4005B801A5A6A9600F2FEBB /* DCBallMainViewController_iPhone.xib */; };
		A4005B861A5A6BFB00F2FEBB /* PLifeMainViewController.m in Sources */ = {isa = PBXBuildFile; fileRef = A4005B841A5A6BFB00F2FEBB /* PLifeMainViewController.m */; };
		A4005B871A5A6BFC00F2FEBB /* PLifeMainViewController_iPhone.xib in Resources */ = {isa = PBXBuildFile; fileRef = A4005B851A5A6BFB00F2FEBB /* PLifeMainViewController_iPhone.xib */; };
		A412F6B71A480BA900458121 /* Test2048_back1.png in Resources */ = {isa = PBXBuildFile; fileRef = A412F6B51A480BA900458121 /* Test2048_back1.png */; };
		A412F6B81A480BA900458121 /* Test2048_back2.png in Resources */ = {isa = PBXBuildFile; fileRef = A412F6B61A480BA900458121 /* Test2048_back2.png */; };
		A412F6BB1A480F3100458121 /* Test2048ItemView.m in Sources */ = {isa = PBXBuildFile; fileRef = A412F6BA1A480F3100458121 /* Test2048ItemView.m */; };
		A412F6BD1A48119C00458121 /* QuartzCore.framework in Frameworks */ = {isa = PBXBuildFile; fileRef = A412F6BC1A48119C00458121 /* QuartzCore.framework */; };
		A412F6C01A48186E00458121 /* Test2048Utils.m in Sources */ = {isa = PBXBuildFile; fileRef = A412F6BF1A48186E00458121 /* Test2048Utils.m */; };
		A41E6F281A52AADE00129EE8 /* AudioToolbox.framework in Frameworks */ = {isa = PBXBuildFile; fileRef = A41E6F271A52AADE00129EE8 /* AudioToolbox.framework */; };
		A41E6F2A1A52AB5000129EE8 /* CoreAudio.framework in Frameworks */ = {isa = PBXBuildFile; fileRef = A41E6F291A52AB5000129EE8 /* CoreAudio.framework */; };
		A42301931A42841B0024B154 /* test1@2x.JPG in Resources */ = {isa = PBXBuildFile; fileRef = A42301911A42841B0024B154 /* test1@2x.JPG */; };
		A42301941A42841B0024B154 /* test2@2x.JPG in Resources */ = {isa = PBXBuildFile; fileRef = A42301921A42841B0024B154 /* test2@2x.JPG */; };
		A467209F19F659360062C26D /* Foundation.framework in Frameworks */ = {isa = PBXBuildFile; fileRef = A467209E19F659360062C26D /* Foundation.framework */; };
		A46720A119F659360062C26D /* CoreGraphics.framework in Frameworks */ = {isa = PBXBuildFile; fileRef = A46720A019F659360062C26D /* CoreGraphics.framework */; };
		A46720A319F659360062C26D /* UIKit.framework in Frameworks */ = {isa = PBXBuildFile; fileRef = A46720A219F659360062C26D /* UIKit.framework */; };
		A46720A919F659360062C26D /* InfoPlist.strings in Resources */ = {isa = PBXBuildFile; fileRef = A46720A719F659360062C26D /* InfoPlist.strings */; };
		A46720AB19F659360062C26D /* main.m in Sources */ = {isa = PBXBuildFile; fileRef = A46720AA19F659360062C26D /* main.m */; };
		A46720AF19F659360062C26D /* AppDelegate.m in Sources */ = {isa = PBXBuildFile; fileRef = A46720AE19F659360062C26D /* AppDelegate.m */; };
		A46720BA19F659360062C26D /* Images.xcassets in Resources */ = {isa = PBXBuildFile; fileRef = A46720B919F659360062C26D /* Images.xcassets */; };
		A46720C119F659360062C26D /* XCTest.framework in Frameworks */ = {isa = PBXBuildFile; fileRef = A46720C019F659360062C26D /* XCTest.framework */; };
		A46720C219F659360062C26D /* Foundation.framework in Frameworks */ = {isa = PBXBuildFile; fileRef = A467209E19F659360062C26D /* Foundation.framework */; };
		A46720C319F659360062C26D /* UIKit.framework in Frameworks */ = {isa = PBXBuildFile; fileRef = A46720A219F659360062C26D /* UIKit.framework */; };
		A46720CB19F659360062C26D /* InfoPlist.strings in Resources */ = {isa = PBXBuildFile; fileRef = A46720C919F659360062C26D /* InfoPlist.strings */; };
		A46720CD19F659360062C26D /* BetterLifeTests.m in Sources */ = {isa = PBXBuildFile; fileRef = A46720CC19F659360062C26D /* BetterLifeTests.m */; };
		A469C9541A6F5CEE003EB60F /* StringUtils.m in Sources */ = {isa = PBXBuildFile; fileRef = A469C9531A6F5CEE003EB60F /* StringUtils.m */; };
		A469C95A1A6F86F4003EB60F /* GCDAsyncSocket.m in Sources */ = {isa = PBXBuildFile; fileRef = A469C9571A6F86F4003EB60F /* GCDAsyncSocket.m */; };
		A469C95B1A6F86F4003EB60F /* GCDAsyncUdpSocket.m in Sources */ = {isa = PBXBuildFile; fileRef = A469C9591A6F86F4003EB60F /* GCDAsyncUdpSocket.m */; };
		A491DA801A4007B4001722D9 /* TestImageViewController.m in Sources */ = {isa = PBXBuildFile; fileRef = A491DA7A1A4007B4001722D9 /* TestImageViewController.m */; };
		A491DA811A4007B4001722D9 /* TestImageViewController_iPhone.xib in Resources */ = {isa = PBXBuildFile; fileRef = A491DA7B1A4007B4001722D9 /* TestImageViewController_iPhone.xib */; };
		A496B9311A82273C00259E33 /* TestPaletteViewController.m in Sources */ = {isa = PBXBuildFile; fileRef = A496B92F1A82273C00259E33 /* TestPaletteViewController.m */; };
		A496B9321A82273C00259E33 /* TestPaletteViewController_iPhone.xib in Resources */ = {isa = PBXBuildFile; fileRef = A496B9301A82273C00259E33 /* TestPaletteViewController_iPhone.xib */; };
		A4A833FC1A4BD153005D247B /* fire.png in Resources */ = {isa = PBXBuildFile; fileRef = A4A833F51A4BD153005D247B /* fire.png */; };
		A4A833FD1A4BD153005D247B /* smoke.png in Resources */ = {isa = PBXBuildFile; fileRef = A4A833F61A4BD153005D247B /* smoke.png */; };
		A4A833FF1A4BD153005D247B /* TestFileWorkViewController.m in Sources */ = {isa = PBXBuildFile; fileRef = A4A833F91A4BD153005D247B /* TestFileWorkViewController.m */; };
		A4A834001A4BD153005D247B /* TestFileWorkViewController_iPhone.xib in Resources */ = {isa = PBXBuildFile; fileRef = A4A833FA1A4BD153005D247B /* TestFileWorkViewController_iPhone.xib */; };
		A4A834011A4BD153005D247B /* tspark.png in Resources */ = {isa = PBXBuildFile; fileRef = A4A833FB1A4BD153005D247B /* tspark.png */; };
		A4AE20391A37E41C00D59432 /* BaseDefineObject.m in Sources */ = {isa = PBXBuildFile; fileRef = A4AE201F1A37E41C00D59432 /* BaseDefineObject.m */; };
		A4AE203A1A37E41C00D59432 /* BaseDefineView.m in Sources */ = {isa = PBXBuildFile; fileRef = A4AE20211A37E41C00D59432 /* BaseDefineView.m */; };
		A4AE203B1A37E41C00D59432 /* BaseDefineViewController.m in Sources */ = {isa = PBXBuildFile; fileRef = A4AE20231A37E41C00D59432 /* BaseDefineViewController.m */; };
		A4AE203C1A37E41C00D59432 /* UIColor+BaseDefineColor.m in Sources */ = {isa = PBXBuildFile; fileRef = A4AE20251A37E41C00D59432 /* UIColor+BaseDefineColor.m */; };
		A4AE203D1A37E41C00D59432 /* UIFont+BaseDefineFont.m in Sources */ = {isa = PBXBuildFile; fileRef = A4AE20271A37E41C00D59432 /* UIFont+BaseDefineFont.m */; };
		A4AE203E1A37E41C00D59432 /* UITextField+shake.m in Sources */ = {isa = PBXBuildFile; fileRef = A4AE20291A37E41C00D59432 /* UITextField+shake.m */; };
		A4AE203F1A37E41C00D59432 /* MainViewController.m in Sources */ = {isa = PBXBuildFile; fileRef = A4AE202C1A37E41C00D59432 /* MainViewController.m */; };
		A4AE20401A37E41C00D59432 /* MainViewController_iPad.xib in Resources */ = {isa = PBXBuildFile; fileRef = A4AE202D1A37E41C00D59432 /* MainViewController_iPad.xib */; };
		A4AE20411A37E41C00D59432 /* MainViewController_iPhone.xib in Resources */ = {isa = PBXBuildFile; fileRef = A4AE202E1A37E41C00D59432 /* MainViewController_iPhone.xib */; };
		A4AE20421A37E41C00D59432 /* snow_flake.png in Resources */ = {isa = PBXBuildFile; fileRef = A4AE20311A37E41C00D59432 /* snow_flake.png */; };
		A4AE20431A37E41C00D59432 /* TestSnowFallViewController.m in Sources */ = {isa = PBXBuildFile; fileRef = A4AE20331A37E41C00D59432 /* TestSnowFallViewController.m */; };
		A4AE20441A37E41C00D59432 /* TestSnowFallViewController_iPhone.xib in Resources */ = {isa = PBXBuildFile; fileRef = A4AE20341A37E41C00D59432 /* TestSnowFallViewController_iPhone.xib */; };
		A4AE20451A37E41C00D59432 /* TestTextFieldViewController.m in Sources */ = {isa = PBXBuildFile; fileRef = A4AE20371A37E41C00D59432 /* TestTextFieldViewController.m */; };
		A4AE20461A37E41C00D59432 /* TestTextFieldViewController_iPhone.xib in Resources */ = {isa = PBXBuildFile; fileRef = A4AE20381A37E41C00D59432 /* TestTextFieldViewController_iPhone.xib */; };
		A4AE204D1A37E50200D59432 /* Test2048ViewController.m in Sources */ = {isa = PBXBuildFile; fileRef = A4AE204B1A37E50200D59432 /* Test2048ViewController.m */; };
		A4AE204E1A37E50200D59432 /* Test2048ViewController_iPhone.xib in Resources */ = {isa = PBXBuildFile; fileRef = A4AE204C1A37E50200D59432 /* Test2048ViewController_iPhone.xib */; };
		A4CC8E8F1A64EC8D00076134 /* AudioPlayUtil.m in Sources */ = {isa = PBXBuildFile; fileRef = A4CC8E8E1A64EC8D00076134 /* AudioPlayUtil.m */; };
		A4CC8EC11A64EC9D00076134 /* DDASLLogCapture.m in Sources */ = {isa = PBXBuildFile; fileRef = A4CC8E941A64EC9D00076134 /* DDASLLogCapture.m */; };
		A4CC8EC21A64EC9D00076134 /* DDASLLogger.m in Sources */ = {isa = PBXBuildFile; fileRef = A4CC8E961A64EC9D00076134 /* DDASLLogger.m */; };
		A4CC8EC31A64EC9D00076134 /* DDCLLogger.m in Sources */ = {isa = PBXBuildFile; fileRef = A4CC8E981A64EC9D00076134 /* DDCLLogger.m */; };
		A4CC8EC41A64EC9D00076134 /* DDFileLogger.m in Sources */ = {isa = PBXBuildFile; fileRef = A4CC8E9A1A64EC9D00076134 /* DDFileLogger.m */; };
		A4CC8EC51A64EC9D00076134 /* DDLog.m in Sources */ = {isa = PBXBuildFile; fileRef = A4CC8E9C1A64EC9D00076134 /* DDLog.m */; };
		A4CC8EC61A64EC9D00076134 /* DDTTYLogger.m in Sources */ = {isa = PBXBuildFile; fileRef = A4CC8E9E1A64EC9D00076134 /* DDTTYLogger.m */; };
		A4CC8EC71A64EC9D00076134 /* SystemInfoObject.m in Sources */ = {isa = PBXBuildFile; fileRef = A4CC8EA01A64EC9D00076134 /* SystemInfoObject.m */; };
		A4CC8EC81A64EC9D00076134 /* MBCheckMarkView.m in Sources */ = {isa = PBXBuildFile; fileRef = A4CC8EA31A64EC9D00076134 /* MBCheckMarkView.m */; };
		A4CC8EC91A64EC9D00076134 /* MBErrorMarkView.m in Sources */ = {isa = PBXBuildFile; fileRef = A4CC8EA51A64EC9D00076134 /* MBErrorMarkView.m */; };
		A4CC8ECA1A64EC9D00076134 /* MBProgressHUD.m in Sources */ = {isa = PBXBuildFile; fileRef = A4CC8EA71A64EC9D00076134 /* MBProgressHUD.m */; };
		A4CC8ECB1A64EC9D00076134 /* MBSpinningCircle.m in Sources */ = {isa = PBXBuildFile; fileRef = A4CC8EA91A64EC9D00076134 /* MBSpinningCircle.m */; };
		A4CC8ECC1A64EC9D00076134 /* NSData+MKBase64.m in Sources */ = {isa = PBXBuildFile; fileRef = A4CC8EAE1A64EC9D00076134 /* NSData+MKBase64.m */; };
		A4CC8ECD1A64EC9D00076134 /* NSDate+RFC1123.m in Sources */ = {isa = PBXBuildFile; fileRef = A4CC8EB01A64EC9D00076134 /* NSDate+RFC1123.m */; };
		A4CC8ECE1A64EC9D00076134 /* NSDictionary+RequestEncoding.m in Sources */ = {isa = PBXBuildFile; fileRef = A4CC8EB21A64EC9D00076134 /* NSDictionary+RequestEncoding.m */; };
		A4CC8ECF1A64EC9D00076134 /* NSString+MKNetworkKitAdditions.m in Sources */ = {isa = PBXBuildFile; fileRef = A4CC8EB41A64EC9D00076134 /* NSString+MKNetworkKitAdditions.m */; };
		A4CC8ED01A64EC9D00076134 /* UIAlertView+MKNetworkKitAdditions.m in Sources */ = {isa = PBXBuildFile; fileRef = A4CC8EB61A64EC9D00076134 /* UIAlertView+MKNetworkKitAdditions.m */; };
		A4CC8ED11A64EC9D00076134 /* UIImageView+MKNetworkKitAdditions.m in Sources */ = {isa = PBXBuildFile; fileRef = A4CC8EB81A64EC9D00076134 /* UIImageView+MKNetworkKitAdditions.m */; };
		A4CC8ED21A64EC9D00076134 /* MKNetworkEngine.m in Sources */ = {isa = PBXBuildFile; fileRef = A4CC8EBA1A64EC9D00076134 /* MKNetworkEngine.m */; };
		A4CC8ED31A64EC9D00076134 /* MKNetworkOperation.m in Sources */ = {isa = PBXBuildFile; fileRef = A4CC8EBC1A64EC9D00076134 /* MKNetworkOperation.m */; };
		A4CC8ED41A64EC9D00076134 /* Reachability.m in Sources */ = {isa = PBXBuildFile; fileRef = A4CC8EBF1A64EC9D00076134 /* Reachability.m */; };
		A4CC8EDF1A65056300076134 /* SystemConfiguration.framework in Frameworks */ = {isa = PBXBuildFile; fileRef = A4CC8EDE1A65056300076134 /* SystemConfiguration.framework */; };
		A4CC8EE11A65056A00076134 /* CFNetwork.framework in Frameworks */ = {isa = PBXBuildFile; fileRef = A4CC8EE01A65056A00076134 /* CFNetwork.framework */; };
		A4CC8EE31A65057400076134 /* Security.framework in Frameworks */ = {isa = PBXBuildFile; fileRef = A4CC8EE21A65057400076134 /* Security.framework */; };
		A4CC8EE51A65058000076134 /* ImageIO.framework in Frameworks */ = {isa = PBXBuildFile; fileRef = A4CC8EE41A65058000076134 /* ImageIO.framework */; };
		A4CF5EFC1A8C627000F8ADD2 /* SVCClassPaletteView.m in Sources */ = {isa = PBXBuildFile; fileRef = A4CF5EF81A8C627000F8ADD2 /* SVCClassPaletteView.m */; };
		A4CF5EFD1A8C627000F8ADD2 /* SVCClassPaletteView.xib in Resources */ = {isa = PBXBuildFile; fileRef = A4CF5EF91A8C627000F8ADD2 /* SVCClassPaletteView.xib */; };
		A4CF5EFE1A8C627000F8ADD2 /* SVCPopoView.m in Sources */ = {isa = PBXBuildFile; fileRef = A4CF5EFB1A8C627000F8ADD2 /* SVCPopoView.m */; };
		A4CF5F0F1A8C898500F8ADD2 /* ppt_palette_tool_bg.png in Resources */ = {isa = PBXBuildFile; fileRef = A4CF5F001A8C898500F8ADD2 /* ppt_palette_tool_bg.png */; };
		A4CF5F101A8C898500F8ADD2 /* ppt_palette_tool_bg_selected.png in Resources */ = {isa = PBXBuildFile; fileRef = A4CF5F011A8C898500F8ADD2 /* ppt_palette_tool_bg_selected.png */; };
		A4CF5F111A8C898500F8ADD2 /* ppt_palette_tool_foot.png in Resources */ = {isa = PBXBuildFile; fileRef = A4CF5F021A8C898500F8ADD2 /* ppt_palette_tool_foot.png */; };
		A4CF5F121A8C898500F8ADD2 /* ppt_palette_tool_header.png in Resources */ = {isa = PBXBuildFile; fileRef = A4CF5F031A8C898500F8ADD2 /* ppt_palette_tool_header.png */; };
		A4CF5F131A8C898500F8ADD2 /* ppt_palette_tool_item1_resize@2x.png in Resources */ = {isa = PBXBuildFile; fileRef = A4CF5F041A8C898500F8ADD2 /* ppt_palette_tool_item1_resize@2x.png */; };
		A4CF5F141A8C898500F8ADD2 /* ppt_palette_tool_item2_pen@2x.png in Resources */ = {isa = PBXBuildFile; fileRef = A4CF5F051A8C898500F8ADD2 /* ppt_palette_tool_item2_pen@2x.png */; };
		A4CF5F151A8C898500F8ADD2 /* ppt_palette_tool_item3_color@2x.png in Resources */ = {isa = PBXBuildFile; fileRef = A4CF5F061A8C898500F8ADD2 /* ppt_palette_tool_item3_color@2x.png */; };
		A4CF5F161A8C898500F8ADD2 /* ppt_palette_tool_item4_eraser@2x.png in Resources */ = {isa = PBXBuildFile; fileRef = A4CF5F071A8C898500F8ADD2 /* ppt_palette_tool_item4_eraser@2x.png */; };
		A4CF5F171A8C898500F8ADD2 /* ppt_palette_tool_item5_undo@2x.png in Resources */ = {isa = PBXBuildFile; fileRef = A4CF5F081A8C898500F8ADD2 /* ppt_palette_tool_item5_undo@2x.png */; };
		A4CF5F181A8C898500F8ADD2 /* ppt_palette_tool_item6_redo@2x.png in Resources */ = {isa = PBXBuildFile; fileRef = A4CF5F091A8C898500F8ADD2 /* ppt_palette_tool_item6_redo@2x.png */; };
		A4CF5F191A8C898500F8ADD2 /* ppt_palette_tool_item7_share@2x.png in Resources */ = {isa = PBXBuildFile; fileRef = A4CF5F0A1A8C898500F8ADD2 /* ppt_palette_tool_item7_share@2x.png */; };
		A4CF5F1A1A8C898500F8ADD2 /* ppt_palette_tool_item8_save@2x.png in Resources */ = {isa = PBXBuildFile; fileRef = A4CF5F0B1A8C898500F8ADD2 /* ppt_palette_tool_item8_save@2x.png */; };
		A4CF5F1B1A8C898500F8ADD2 /* ppt_palette_tool_item9_delete@2x.png in Resources */ = {isa = PBXBuildFile; fileRef = A4CF5F0C1A8C898500F8ADD2 /* ppt_palette_tool_item9_delete@2x.png */; };
		A4CF5F1C1A8C898500F8ADD2 /* ppt_palette_tool_takeEmptyNew.png in Resources */ = {isa = PBXBuildFile; fileRef = A4CF5F0D1A8C898500F8ADD2 /* ppt_palette_tool_takeEmptyNew.png */; };
		A4CF5F1D1A8C898500F8ADD2 /* ppt_palette_tool_takePhoto.png in Resources */ = {isa = PBXBuildFile; fileRef = A4CF5F0E1A8C898500F8ADD2 /* ppt_palette_tool_takePhoto.png */; };
		A4DDD1B91A3ED6B300DAE96A /* TestStringViewController.m in Sources */ = {isa = PBXBuildFile; fileRef = A4DDD1B71A3ED6B300DAE96A /* TestStringViewController.m */; };
		A4DDD1BA1A3ED6B300DAE96A /* TestStringViewController_iPhone.xib in Resources */ = {isa = PBXBuildFile; fileRef = A4DDD1B81A3ED6B300DAE96A /* TestStringViewController_iPhone.xib */; };
		A4FBCE431A78D92C001D8828 /* client.p12 in Resources */ = {isa = PBXBuildFile; fileRef = A4FBCE341A78D92C001D8828 /* client.p12 */; };
		A4FBCE441A78D92C001D8828 /* MKNetworkFactory.m in Sources */ = {isa = PBXBuildFile; fileRef = A4FBCE361A78D92C001D8828 /* MKNetworkFactory.m */; };
		A4FBCE451A78D92C001D8828 /* SampleImage.jpg in Resources */ = {isa = PBXBuildFile; fileRef = A4FBCE371A78D92C001D8828 /* SampleImage.jpg */; };
		A4FBCE461A78D92C001D8828 /* SIDLownloadTestViewController.m in Sources */ = {isa = PBXBuildFile; fileRef = A4FBCE391A78D92C001D8828 /* SIDLownloadTestViewController.m */; };
		A4FBCE471A78D92C001D8828 /* SIDLownloadTestViewController_iPhone.xib in Resources */ = {isa = PBXBuildFile; fileRef = A4FBCE3A1A78D92C001D8828 /* SIDLownloadTestViewController_iPhone.xib */; };
		A4FBCE481A78D92C001D8828 /* SIBreakpointsDownload.m in Sources */ = {isa = PBXBuildFile; fileRef = A4FBCE3D1A78D92C001D8828 /* SIBreakpointsDownload.m */; };
		A4FBCE491A78D92C001D8828 /* SIDownloadManager.m in Sources */ = {isa = PBXBuildFile; fileRef = A4FBCE3F1A78D92C001D8828 /* SIDownloadManager.m */; };
		A4FBCE4A1A78D92C001D8828 /* TestDownload2ViewController.m in Sources */ = {isa = PBXBuildFile; fileRef = A4FBCE411A78D92C001D8828 /* TestDownload2ViewController.m */; };
		A4FBCE4B1A78D92C001D8828 /* TestDownload2ViewController_iPhone.xib in Resources */ = {isa = PBXBuildFile; fileRef = A4FBCE421A78D92C001D8828 /* TestDownload2ViewController_iPhone.xib */; };
		A4FBCE4F1A78D970001D8828 /* TestAsyncSocketViewController.m in Sources */ = {isa = PBXBuildFile; fileRef = A4FBCE4D1A78D970001D8828 /* TestAsyncSocketViewController.m */; };
		A4FBCE501A78D970001D8828 /* TestAsyncSocketViewController_iPhone.xib in Resources */ = {isa = PBXBuildFile; fileRef = A4FBCE4E1A78D970001D8828 /* TestAsyncSocketViewController_iPhone.xib */; };
/* End PBXBuildFile section */

/* Begin PBXContainerItemProxy section */
		A46720C419F659360062C26D /* PBXContainerItemProxy */ = {
			isa = PBXContainerItemProxy;
			containerPortal = A467209319F659360062C26D /* Project object */;
			proxyType = 1;
			remoteGlobalIDString = A467209A19F659360062C26D;
			remoteInfo = BetterLife;
		};
/* End PBXContainerItemProxy section */

/* Begin PBXFileReference section */
		A4005B7E1A5A6A9600F2FEBB /* DCBallMainViewController.h */ = {isa = PBXFileReference; fileEncoding = 4; lastKnownFileType = sourcecode.c.h; path = DCBallMainViewController.h; sourceTree = "<group>"; };
		A4005B7F1A5A6A9600F2FEBB /* DCBallMainViewController.m */ = {isa = PBXFileReference; fileEncoding = 4; lastKnownFileType = sourcecode.c.objc; path = DCBallMainViewController.m; sourceTree = "<group>"; };
		A4005B801A5A6A9600F2FEBB /* DCBallMainViewController_iPhone.xib */ = {isa = PBXFileReference; fileEncoding = 4; lastKnownFileType = file.xib; path = DCBallMainViewController_iPhone.xib; sourceTree = "<group>"; };
		A4005B831A5A6BFB00F2FEBB /* PLifeMainViewController.h */ = {isa = PBXFileReference; fileEncoding = 4; lastKnownFileType = sourcecode.c.h; path = PLifeMainViewController.h; sourceTree = "<group>"; };
		A4005B841A5A6BFB00F2FEBB /* PLifeMainViewController.m */ = {isa = PBXFileReference; fileEncoding = 4; lastKnownFileType = sourcecode.c.objc; path = PLifeMainViewController.m; sourceTree = "<group>"; };
		A4005B851A5A6BFB00F2FEBB /* PLifeMainViewController_iPhone.xib */ = {isa = PBXFileReference; fileEncoding = 4; lastKnownFileType = file.xib; path = PLifeMainViewController_iPhone.xib; sourceTree = "<group>"; };
		A412F6B51A480BA900458121 /* Test2048_back1.png */ = {isa = PBXFileReference; lastKnownFileType = image.png; path = Test2048_back1.png; sourceTree = "<group>"; };
		A412F6B61A480BA900458121 /* Test2048_back2.png */ = {isa = PBXFileReference; lastKnownFileType = image.png; path = Test2048_back2.png; sourceTree = "<group>"; };
		A412F6B91A480F3100458121 /* Test2048ItemView.h */ = {isa = PBXFileReference; fileEncoding = 4; lastKnownFileType = sourcecode.c.h; path = Test2048ItemView.h; sourceTree = "<group>"; };
		A412F6BA1A480F3100458121 /* Test2048ItemView.m */ = {isa = PBXFileReference; fileEncoding = 4; lastKnownFileType = sourcecode.c.objc; path = Test2048ItemView.m; sourceTree = "<group>"; };
		A412F6BC1A48119C00458121 /* QuartzCore.framework */ = {isa = PBXFileReference; lastKnownFileType = wrapper.framework; name = QuartzCore.framework; path = System/Library/Frameworks/QuartzCore.framework; sourceTree = SDKROOT; };
		A412F6BE1A48186E00458121 /* Test2048Utils.h */ = {isa = PBXFileReference; fileEncoding = 4; lastKnownFileType = sourcecode.c.h; path = Test2048Utils.h; sourceTree = "<group>"; };
		A412F6BF1A48186E00458121 /* Test2048Utils.m */ = {isa = PBXFileReference; fileEncoding = 4; lastKnownFileType = sourcecode.c.objc; path = Test2048Utils.m; sourceTree = "<group>"; };
		A41E6F251A52AAD300129EE8 /* MediaToolbox.framework */ = {isa = PBXFileReference; lastKnownFileType = wrapper.framework; name = MediaToolbox.framework; path = System/Library/Frameworks/MediaToolbox.framework; sourceTree = SDKROOT; };
		A41E6F271A52AADE00129EE8 /* AudioToolbox.framework */ = {isa = PBXFileReference; lastKnownFileType = wrapper.framework; name = AudioToolbox.framework; path = System/Library/Frameworks/AudioToolbox.framework; sourceTree = SDKROOT; };
		A41E6F291A52AB5000129EE8 /* CoreAudio.framework */ = {isa = PBXFileReference; lastKnownFileType = wrapper.framework; name = CoreAudio.framework; path = System/Library/Frameworks/CoreAudio.framework; sourceTree = SDKROOT; };
		A42301911A42841B0024B154 /* test1@2x.JPG */ = {isa = PBXFileReference; lastKnownFileType = image.jpeg; path = "test1@2x.JPG"; sourceTree = "<group>"; };
		A42301921A42841B0024B154 /* test2@2x.JPG */ = {isa = PBXFileReference; lastKnownFileType = image.jpeg; path = "test2@2x.JPG"; sourceTree = "<group>"; };
		A467209B19F659360062C26D /* BetterLife.app */ = {isa = PBXFileReference; explicitFileType = wrapper.application; includeInIndex = 0; path = BetterLife.app; sourceTree = BUILT_PRODUCTS_DIR; };
		A467209E19F659360062C26D /* Foundation.framework */ = {isa = PBXFileReference; lastKnownFileType = wrapper.framework; name = Foundation.framework; path = System/Library/Frameworks/Foundation.framework; sourceTree = SDKROOT; };
		A46720A019F659360062C26D /* CoreGraphics.framework */ = {isa = PBXFileReference; lastKnownFileType = wrapper.framework; name = CoreGraphics.framework; path = System/Library/Frameworks/CoreGraphics.framework; sourceTree = SDKROOT; };
		A46720A219F659360062C26D /* UIKit.framework */ = {isa = PBXFileReference; lastKnownFileType = wrapper.framework; name = UIKit.framework; path = System/Library/Frameworks/UIKit.framework; sourceTree = SDKROOT; };
		A46720A619F659360062C26D /* BetterLife-Info.plist */ = {isa = PBXFileReference; lastKnownFileType = text.plist.xml; path = "BetterLife-Info.plist"; sourceTree = "<group>"; };
		A46720A819F659360062C26D /* en */ = {isa = PBXFileReference; lastKnownFileType = text.plist.strings; name = en; path = en.lproj/InfoPlist.strings; sourceTree = "<group>"; };
		A46720AA19F659360062C26D /* main.m */ = {isa = PBXFileReference; lastKnownFileType = sourcecode.c.objc; path = main.m; sourceTree = "<group>"; };
		A46720AC19F659360062C26D /* BetterLife-Prefix.pch */ = {isa = PBXFileReference; lastKnownFileType = sourcecode.c.h; path = "BetterLife-Prefix.pch"; sourceTree = "<group>"; };
		A46720AD19F659360062C26D /* AppDelegate.h */ = {isa = PBXFileReference; lastKnownFileType = sourcecode.c.h; path = AppDelegate.h; sourceTree = "<group>"; };
		A46720AE19F659360062C26D /* AppDelegate.m */ = {isa = PBXFileReference; lastKnownFileType = sourcecode.c.objc; path = AppDelegate.m; sourceTree = "<group>"; };
		A46720B919F659360062C26D /* Images.xcassets */ = {isa = PBXFileReference; lastKnownFileType = folder.assetcatalog; path = Images.xcassets; sourceTree = "<group>"; };
		A46720BF19F659360062C26D /* BetterLifeTests.xctest */ = {isa = PBXFileReference; explicitFileType = wrapper.cfbundle; includeInIndex = 0; path = BetterLifeTests.xctest; sourceTree = BUILT_PRODUCTS_DIR; };
		A46720C019F659360062C26D /* XCTest.framework */ = {isa = PBXFileReference; lastKnownFileType = wrapper.framework; name = XCTest.framework; path = Library/Frameworks/XCTest.framework; sourceTree = DEVELOPER_DIR; };
		A46720C819F659360062C26D /* BetterLifeTests-Info.plist */ = {isa = PBXFileReference; lastKnownFileType = text.plist.xml; path = "BetterLifeTests-Info.plist"; sourceTree = "<group>"; };
		A46720CA19F659360062C26D /* en */ = {isa = PBXFileReference; lastKnownFileType = text.plist.strings; name = en; path = en.lproj/InfoPlist.strings; sourceTree = "<group>"; };
		A46720CC19F659360062C26D /* BetterLifeTests.m */ = {isa = PBXFileReference; lastKnownFileType = sourcecode.c.objc; path = BetterLifeTests.m; sourceTree = "<group>"; };
		A469C9521A6F5CEE003EB60F /* StringUtils.h */ = {isa = PBXFileReference; fileEncoding = 4; lastKnownFileType = sourcecode.c.h; path = StringUtils.h; sourceTree = "<group>"; };
		A469C9531A6F5CEE003EB60F /* StringUtils.m */ = {isa = PBXFileReference; fileEncoding = 4; lastKnownFileType = sourcecode.c.objc; path = StringUtils.m; sourceTree = "<group>"; };
		A469C9561A6F86F4003EB60F /* GCDAsyncSocket.h */ = {isa = PBXFileReference; fileEncoding = 4; lastKnownFileType = sourcecode.c.h; path = GCDAsyncSocket.h; sourceTree = "<group>"; };
		A469C9571A6F86F4003EB60F /* GCDAsyncSocket.m */ = {isa = PBXFileReference; fileEncoding = 4; lastKnownFileType = sourcecode.c.objc; path = GCDAsyncSocket.m; sourceTree = "<group>"; };
		A469C9581A6F86F4003EB60F /* GCDAsyncUdpSocket.h */ = {isa = PBXFileReference; fileEncoding = 4; lastKnownFileType = sourcecode.c.h; path = GCDAsyncUdpSocket.h; sourceTree = "<group>"; };
		A469C9591A6F86F4003EB60F /* GCDAsyncUdpSocket.m */ = {isa = PBXFileReference; fileEncoding = 4; lastKnownFileType = sourcecode.c.objc; path = GCDAsyncUdpSocket.m; sourceTree = "<group>"; };
		A491DA791A4007B4001722D9 /* TestImageViewController.h */ = {isa = PBXFileReference; fileEncoding = 4; lastKnownFileType = sourcecode.c.h; path = TestImageViewController.h; sourceTree = "<group>"; };
		A491DA7A1A4007B4001722D9 /* TestImageViewController.m */ = {isa = PBXFileReference; fileEncoding = 4; lastKnownFileType = sourcecode.c.objc; path = TestImageViewController.m; sourceTree = "<group>"; };
		A491DA7B1A4007B4001722D9 /* TestImageViewController_iPhone.xib */ = {isa = PBXFileReference; fileEncoding = 4; lastKnownFileType = file.xib; path = TestImageViewController_iPhone.xib; sourceTree = "<group>"; };
		A496B92E1A82273C00259E33 /* TestPaletteViewController.h */ = {isa = PBXFileReference; fileEncoding = 4; lastKnownFileType = sourcecode.c.h; path = TestPaletteViewController.h; sourceTree = "<group>"; };
		A496B92F1A82273C00259E33 /* TestPaletteViewController.m */ = {isa = PBXFileReference; fileEncoding = 4; lastKnownFileType = sourcecode.c.objc; path = TestPaletteViewController.m; sourceTree = "<group>"; };
		A496B9301A82273C00259E33 /* TestPaletteViewController_iPhone.xib */ = {isa = PBXFileReference; fileEncoding = 4; lastKnownFileType = file.xib; path = TestPaletteViewController_iPhone.xib; sourceTree = "<group>"; };
		A4A833F51A4BD153005D247B /* fire.png */ = {isa = PBXFileReference; lastKnownFileType = image.png; path = fire.png; sourceTree = "<group>"; };
		A4A833F61A4BD153005D247B /* smoke.png */ = {isa = PBXFileReference; lastKnownFileType = image.png; path = smoke.png; sourceTree = "<group>"; };
		A4A833F81A4BD153005D247B /* TestFileWorkViewController.h */ = {isa = PBXFileReference; fileEncoding = 4; lastKnownFileType = sourcecode.c.h; path = TestFileWorkViewController.h; sourceTree = "<group>"; };
		A4A833F91A4BD153005D247B /* TestFileWorkViewController.m */ = {isa = PBXFileReference; fileEncoding = 4; lastKnownFileType = sourcecode.c.objc; path = TestFileWorkViewController.m; sourceTree = "<group>"; };
		A4A833FA1A4BD153005D247B /* TestFileWorkViewController_iPhone.xib */ = {isa = PBXFileReference; fileEncoding = 4; lastKnownFileType = file.xib; path = TestFileWorkViewController_iPhone.xib; sourceTree = "<group>"; };
		A4A833FB1A4BD153005D247B /* tspark.png */ = {isa = PBXFileReference; lastKnownFileType = image.png; path = tspark.png; sourceTree = "<group>"; };
		A4AE201E1A37E41C00D59432 /* BaseDefineObject.h */ = {isa = PBXFileReference; fileEncoding = 4; lastKnownFileType = sourcecode.c.h; path = BaseDefineObject.h; sourceTree = "<group>"; };
		A4AE201F1A37E41C00D59432 /* BaseDefineObject.m */ = {isa = PBXFileReference; fileEncoding = 4; lastKnownFileType = sourcecode.c.objc; path = BaseDefineObject.m; sourceTree = "<group>"; };
		A4AE20201A37E41C00D59432 /* BaseDefineView.h */ = {isa = PBXFileReference; fileEncoding = 4; lastKnownFileType = sourcecode.c.h; path = BaseDefineView.h; sourceTree = "<group>"; };
		A4AE20211A37E41C00D59432 /* BaseDefineView.m */ = {isa = PBXFileReference; fileEncoding = 4; lastKnownFileType = sourcecode.c.objc; path = BaseDefineView.m; sourceTree = "<group>"; };
		A4AE20221A37E41C00D59432 /* BaseDefineViewController.h */ = {isa = PBXFileReference; fileEncoding = 4; lastKnownFileType = sourcecode.c.h; path = BaseDefineViewController.h; sourceTree = "<group>"; };
		A4AE20231A37E41C00D59432 /* BaseDefineViewController.m */ = {isa = PBXFileReference; fileEncoding = 4; lastKnownFileType = sourcecode.c.objc; path = BaseDefineViewController.m; sourceTree = "<group>"; };
		A4AE20241A37E41C00D59432 /* UIColor+BaseDefineColor.h */ = {isa = PBXFileReference; fileEncoding = 4; lastKnownFileType = sourcecode.c.h; path = "UIColor+BaseDefineColor.h"; sourceTree = "<group>"; };
		A4AE20251A37E41C00D59432 /* UIColor+BaseDefineColor.m */ = {isa = PBXFileReference; fileEncoding = 4; lastKnownFileType = sourcecode.c.objc; path = "UIColor+BaseDefineColor.m"; sourceTree = "<group>"; };
		A4AE20261A37E41C00D59432 /* UIFont+BaseDefineFont.h */ = {isa = PBXFileReference; fileEncoding = 4; lastKnownFileType = sourcecode.c.h; path = "UIFont+BaseDefineFont.h"; sourceTree = "<group>"; };
		A4AE20271A37E41C00D59432 /* UIFont+BaseDefineFont.m */ = {isa = PBXFileReference; fileEncoding = 4; lastKnownFileType = sourcecode.c.objc; path = "UIFont+BaseDefineFont.m"; sourceTree = "<group>"; };
		A4AE20281A37E41C00D59432 /* UITextField+shake.h */ = {isa = PBXFileReference; fileEncoding = 4; lastKnownFileType = sourcecode.c.h; path = "UITextField+shake.h"; sourceTree = "<group>"; };
		A4AE20291A37E41C00D59432 /* UITextField+shake.m */ = {isa = PBXFileReference; fileEncoding = 4; lastKnownFileType = sourcecode.c.objc; path = "UITextField+shake.m"; sourceTree = "<group>"; };
		A4AE202B1A37E41C00D59432 /* MainViewController.h */ = {isa = PBXFileReference; fileEncoding = 4; lastKnownFileType = sourcecode.c.h; path = MainViewController.h; sourceTree = "<group>"; };
		A4AE202C1A37E41C00D59432 /* MainViewController.m */ = {isa = PBXFileReference; fileEncoding = 4; lastKnownFileType = sourcecode.c.objc; path = MainViewController.m; sourceTree = "<group>"; };
		A4AE202D1A37E41C00D59432 /* MainViewController_iPad.xib */ = {isa = PBXFileReference; fileEncoding = 4; lastKnownFileType = file.xib; path = MainViewController_iPad.xib; sourceTree = "<group>"; };
		A4AE202E1A37E41C00D59432 /* MainViewController_iPhone.xib */ = {isa = PBXFileReference; fileEncoding = 4; lastKnownFileType = file.xib; path = MainViewController_iPhone.xib; sourceTree = "<group>"; };
		A4AE20311A37E41C00D59432 /* snow_flake.png */ = {isa = PBXFileReference; lastKnownFileType = image.png; path = snow_flake.png; sourceTree = "<group>"; };
		A4AE20321A37E41C00D59432 /* TestSnowFallViewController.h */ = {isa = PBXFileReference; fileEncoding = 4; lastKnownFileType = sourcecode.c.h; path = TestSnowFallViewController.h; sourceTree = "<group>"; };
		A4AE20331A37E41C00D59432 /* TestSnowFallViewController.m */ = {isa = PBXFileReference; fileEncoding = 4; lastKnownFileType = sourcecode.c.objc; path = TestSnowFallViewController.m; sourceTree = "<group>"; };
		A4AE20341A37E41C00D59432 /* TestSnowFallViewController_iPhone.xib */ = {isa = PBXFileReference; fileEncoding = 4; lastKnownFileType = file.xib; path = TestSnowFallViewController_iPhone.xib; sourceTree = "<group>"; };
		A4AE20361A37E41C00D59432 /* TestTextFieldViewController.h */ = {isa = PBXFileReference; fileEncoding = 4; lastKnownFileType = sourcecode.c.h; path = TestTextFieldViewController.h; sourceTree = "<group>"; };
		A4AE20371A37E41C00D59432 /* TestTextFieldViewController.m */ = {isa = PBXFileReference; fileEncoding = 4; lastKnownFileType = sourcecode.c.objc; path = TestTextFieldViewController.m; sourceTree = "<group>"; };
		A4AE20381A37E41C00D59432 /* TestTextFieldViewController_iPhone.xib */ = {isa = PBXFileReference; fileEncoding = 4; lastKnownFileType = file.xib; path = TestTextFieldViewController_iPhone.xib; sourceTree = "<group>"; };
		A4AE204A1A37E50200D59432 /* Test2048ViewController.h */ = {isa = PBXFileReference; fileEncoding = 4; lastKnownFileType = sourcecode.c.h; path = Test2048ViewController.h; sourceTree = "<group>"; };
		A4AE204B1A37E50200D59432 /* Test2048ViewController.m */ = {isa = PBXFileReference; fileEncoding = 4; lastKnownFileType = sourcecode.c.objc; path = Test2048ViewController.m; sourceTree = "<group>"; };
		A4AE204C1A37E50200D59432 /* Test2048ViewController_iPhone.xib */ = {isa = PBXFileReference; fileEncoding = 4; lastKnownFileType = file.xib; path = Test2048ViewController_iPhone.xib; sourceTree = "<group>"; };
		A4CC8E8D1A64EC8D00076134 /* AudioPlayUtil.h */ = {isa = PBXFileReference; fileEncoding = 4; lastKnownFileType = sourcecode.c.h; path = AudioPlayUtil.h; sourceTree = "<group>"; };
		A4CC8E8E1A64EC8D00076134 /* AudioPlayUtil.m */ = {isa = PBXFileReference; fileEncoding = 4; lastKnownFileType = sourcecode.c.objc; path = AudioPlayUtil.m; sourceTree = "<group>"; };
		A4CC8E911A64EC9D00076134 /* DDLogCommon.h */ = {isa = PBXFileReference; fileEncoding = 4; lastKnownFileType = sourcecode.c.h; path = DDLogCommon.h; sourceTree = "<group>"; };
		A4CC8E931A64EC9D00076134 /* DDASLLogCapture.h */ = {isa = PBXFileReference; fileEncoding = 4; lastKnownFileType = sourcecode.c.h; path = DDASLLogCapture.h; sourceTree = "<group>"; };
		A4CC8E941A64EC9D00076134 /* DDASLLogCapture.m */ = {isa = PBXFileReference; fileEncoding = 4; lastKnownFileType = sourcecode.c.objc; path = DDASLLogCapture.m; sourceTree = "<group>"; };
		A4CC8E951A64EC9D00076134 /* DDASLLogger.h */ = {isa = PBXFileReference; fileEncoding = 4; lastKnownFileType = sourcecode.c.h; path = DDASLLogger.h; sourceTree = "<group>"; };
		A4CC8E961A64EC9D00076134 /* DDASLLogger.m */ = {isa = PBXFileReference; fileEncoding = 4; lastKnownFileType = sourcecode.c.objc; path = DDASLLogger.m; sourceTree = "<group>"; };
		A4CC8E971A64EC9D00076134 /* DDCLLogger.h */ = {isa = PBXFileReference; fileEncoding = 4; lastKnownFileType = sourcecode.c.h; path = DDCLLogger.h; sourceTree = "<group>"; };
		A4CC8E981A64EC9D00076134 /* DDCLLogger.m */ = {isa = PBXFileReference; fileEncoding = 4; lastKnownFileType = sourcecode.c.objc; path = DDCLLogger.m; sourceTree = "<group>"; };
		A4CC8E991A64EC9D00076134 /* DDFileLogger.h */ = {isa = PBXFileReference; fileEncoding = 4; lastKnownFileType = sourcecode.c.h; path = DDFileLogger.h; sourceTree = "<group>"; };
		A4CC8E9A1A64EC9D00076134 /* DDFileLogger.m */ = {isa = PBXFileReference; fileEncoding = 4; lastKnownFileType = sourcecode.c.objc; path = DDFileLogger.m; sourceTree = "<group>"; };
		A4CC8E9B1A64EC9D00076134 /* DDLog.h */ = {isa = PBXFileReference; fileEncoding = 4; lastKnownFileType = sourcecode.c.h; path = DDLog.h; sourceTree = "<group>"; };
		A4CC8E9C1A64EC9D00076134 /* DDLog.m */ = {isa = PBXFileReference; fileEncoding = 4; lastKnownFileType = sourcecode.c.objc; path = DDLog.m; sourceTree = "<group>"; };
		A4CC8E9D1A64EC9D00076134 /* DDTTYLogger.h */ = {isa = PBXFileReference; fileEncoding = 4; lastKnownFileType = sourcecode.c.h; path = DDTTYLogger.h; sourceTree = "<group>"; };
		A4CC8E9E1A64EC9D00076134 /* DDTTYLogger.m */ = {isa = PBXFileReference; fileEncoding = 4; lastKnownFileType = sourcecode.c.objc; path = DDTTYLogger.m; sourceTree = "<group>"; };
		A4CC8E9F1A64EC9D00076134 /* SystemInfoObject.h */ = {isa = PBXFileReference; fileEncoding = 4; lastKnownFileType = sourcecode.c.h; path = SystemInfoObject.h; sourceTree = "<group>"; };
		A4CC8EA01A64EC9D00076134 /* SystemInfoObject.m */ = {isa = PBXFileReference; fileEncoding = 4; lastKnownFileType = sourcecode.c.objc; path = SystemInfoObject.m; sourceTree = "<group>"; };
		A4CC8EA21A64EC9D00076134 /* MBCheckMarkView.h */ = {isa = PBXFileReference; fileEncoding = 4; lastKnownFileType = sourcecode.c.h; path = MBCheckMarkView.h; sourceTree = "<group>"; };
		A4CC8EA31A64EC9D00076134 /* MBCheckMarkView.m */ = {isa = PBXFileReference; fileEncoding = 4; lastKnownFileType = sourcecode.c.objc; path = MBCheckMarkView.m; sourceTree = "<group>"; };
		A4CC8EA41A64EC9D00076134 /* MBErrorMarkView.h */ = {isa = PBXFileReference; fileEncoding = 4; lastKnownFileType = sourcecode.c.h; path = MBErrorMarkView.h; sourceTree = "<group>"; };
		A4CC8EA51A64EC9D00076134 /* MBErrorMarkView.m */ = {isa = PBXFileReference; fileEncoding = 4; lastKnownFileType = sourcecode.c.objc; path = MBErrorMarkView.m; sourceTree = "<group>"; };
		A4CC8EA61A64EC9D00076134 /* MBProgressHUD.h */ = {isa = PBXFileReference; fileEncoding = 4; lastKnownFileType = sourcecode.c.h; path = MBProgressHUD.h; sourceTree = "<group>"; };
		A4CC8EA71A64EC9D00076134 /* MBProgressHUD.m */ = {isa = PBXFileReference; fileEncoding = 4; lastKnownFileType = sourcecode.c.objc; path = MBProgressHUD.m; sourceTree = "<group>"; };
		A4CC8EA81A64EC9D00076134 /* MBSpinningCircle.h */ = {isa = PBXFileReference; fileEncoding = 4; lastKnownFileType = sourcecode.c.h; path = MBSpinningCircle.h; sourceTree = "<group>"; };
		A4CC8EA91A64EC9D00076134 /* MBSpinningCircle.m */ = {isa = PBXFileReference; fileEncoding = 4; lastKnownFileType = sourcecode.c.objc; path = MBSpinningCircle.m; sourceTree = "<group>"; };
		A4CC8EAD1A64EC9D00076134 /* NSData+MKBase64.h */ = {isa = PBXFileReference; fileEncoding = 4; lastKnownFileType = sourcecode.c.h; path = "NSData+MKBase64.h"; sourceTree = "<group>"; };
		A4CC8EAE1A64EC9D00076134 /* NSData+MKBase64.m */ = {isa = PBXFileReference; fileEncoding = 4; lastKnownFileType = sourcecode.c.objc; path = "NSData+MKBase64.m"; sourceTree = "<group>"; };
		A4CC8EAF1A64EC9D00076134 /* NSDate+RFC1123.h */ = {isa = PBXFileReference; fileEncoding = 4; lastKnownFileType = sourcecode.c.h; path = "NSDate+RFC1123.h"; sourceTree = "<group>"; };
		A4CC8EB01A64EC9D00076134 /* NSDate+RFC1123.m */ = {isa = PBXFileReference; fileEncoding = 4; lastKnownFileType = sourcecode.c.objc; path = "NSDate+RFC1123.m"; sourceTree = "<group>"; };
		A4CC8EB11A64EC9D00076134 /* NSDictionary+RequestEncoding.h */ = {isa = PBXFileReference; fileEncoding = 4; lastKnownFileType = sourcecode.c.h; path = "NSDictionary+RequestEncoding.h"; sourceTree = "<group>"; };
		A4CC8EB21A64EC9D00076134 /* NSDictionary+RequestEncoding.m */ = {isa = PBXFileReference; fileEncoding = 4; lastKnownFileType = sourcecode.c.objc; path = "NSDictionary+RequestEncoding.m"; sourceTree = "<group>"; };
		A4CC8EB31A64EC9D00076134 /* NSString+MKNetworkKitAdditions.h */ = {isa = PBXFileReference; fileEncoding = 4; lastKnownFileType = sourcecode.c.h; path = "NSString+MKNetworkKitAdditions.h"; sourceTree = "<group>"; };
		A4CC8EB41A64EC9D00076134 /* NSString+MKNetworkKitAdditions.m */ = {isa = PBXFileReference; fileEncoding = 4; lastKnownFileType = sourcecode.c.objc; path = "NSString+MKNetworkKitAdditions.m"; sourceTree = "<group>"; };
		A4CC8EB51A64EC9D00076134 /* UIAlertView+MKNetworkKitAdditions.h */ = {isa = PBXFileReference; fileEncoding = 4; lastKnownFileType = sourcecode.c.h; path = "UIAlertView+MKNetworkKitAdditions.h"; sourceTree = "<group>"; };
		A4CC8EB61A64EC9D00076134 /* UIAlertView+MKNetworkKitAdditions.m */ = {isa = PBXFileReference; fileEncoding = 4; lastKnownFileType = sourcecode.c.objc; path = "UIAlertView+MKNetworkKitAdditions.m"; sourceTree = "<group>"; };
		A4CC8EB71A64EC9D00076134 /* UIImageView+MKNetworkKitAdditions.h */ = {isa = PBXFileReference; fileEncoding = 4; lastKnownFileType = sourcecode.c.h; path = "UIImageView+MKNetworkKitAdditions.h"; sourceTree = "<group>"; };
		A4CC8EB81A64EC9D00076134 /* UIImageView+MKNetworkKitAdditions.m */ = {isa = PBXFileReference; fileEncoding = 4; lastKnownFileType = sourcecode.c.objc; path = "UIImageView+MKNetworkKitAdditions.m"; sourceTree = "<group>"; };
		A4CC8EB91A64EC9D00076134 /* MKNetworkEngine.h */ = {isa = PBXFileReference; fileEncoding = 4; lastKnownFileType = sourcecode.c.h; path = MKNetworkEngine.h; sourceTree = "<group>"; };
		A4CC8EBA1A64EC9D00076134 /* MKNetworkEngine.m */ = {isa = PBXFileReference; fileEncoding = 4; lastKnownFileType = sourcecode.c.objc; path = MKNetworkEngine.m; sourceTree = "<group>"; };
		A4CC8EBB1A64EC9D00076134 /* MKNetworkOperation.h */ = {isa = PBXFileReference; fileEncoding = 4; lastKnownFileType = sourcecode.c.h; path = MKNetworkOperation.h; sourceTree = "<group>"; };
		A4CC8EBC1A64EC9D00076134 /* MKNetworkOperation.m */ = {isa = PBXFileReference; fileEncoding = 4; lastKnownFileType = sourcecode.c.objc; path = MKNetworkOperation.m; sourceTree = "<group>"; };
		A4CC8EBE1A64EC9D00076134 /* Reachability.h */ = {isa = PBXFileReference; fileEncoding = 4; lastKnownFileType = sourcecode.c.h; path = Reachability.h; sourceTree = "<group>"; };
		A4CC8EBF1A64EC9D00076134 /* Reachability.m */ = {isa = PBXFileReference; fileEncoding = 4; lastKnownFileType = sourcecode.c.objc; path = Reachability.m; sourceTree = "<group>"; };
		A4CC8EC01A64EC9D00076134 /* MKNetworkKit.h */ = {isa = PBXFileReference; fileEncoding = 4; lastKnownFileType = sourcecode.c.h; path = MKNetworkKit.h; sourceTree = "<group>"; };
		A4CC8EDE1A65056300076134 /* SystemConfiguration.framework */ = {isa = PBXFileReference; lastKnownFileType = wrapper.framework; name = SystemConfiguration.framework; path = System/Library/Frameworks/SystemConfiguration.framework; sourceTree = SDKROOT; };
		A4CC8EE01A65056A00076134 /* CFNetwork.framework */ = {isa = PBXFileReference; lastKnownFileType = wrapper.framework; name = CFNetwork.framework; path = System/Library/Frameworks/CFNetwork.framework; sourceTree = SDKROOT; };
		A4CC8EE21A65057400076134 /* Security.framework */ = {isa = PBXFileReference; lastKnownFileType = wrapper.framework; name = Security.framework; path = System/Library/Frameworks/Security.framework; sourceTree = SDKROOT; };
		A4CC8EE41A65058000076134 /* ImageIO.framework */ = {isa = PBXFileReference; lastKnownFileType = wrapper.framework; name = ImageIO.framework; path = System/Library/Frameworks/ImageIO.framework; sourceTree = SDKROOT; };
		A4CF5EF71A8C627000F8ADD2 /* SVCClassPaletteView.h */ = {isa = PBXFileReference; fileEncoding = 4; lastKnownFileType = sourcecode.c.h; path = SVCClassPaletteView.h; sourceTree = "<group>"; };
		A4CF5EF81A8C627000F8ADD2 /* SVCClassPaletteView.m */ = {isa = PBXFileReference; fileEncoding = 4; lastKnownFileType = sourcecode.c.objc; path = SVCClassPaletteView.m; sourceTree = "<group>"; };
		A4CF5EF91A8C627000F8ADD2 /* SVCClassPaletteView.xib */ = {isa = PBXFileReference; fileEncoding = 4; lastKnownFileType = file.xib; path = SVCClassPaletteView.xib; sourceTree = "<group>"; };
		A4CF5EFA1A8C627000F8ADD2 /* SVCPopoView.h */ = {isa = PBXFileReference; fileEncoding = 4; lastKnownFileType = sourcecode.c.h; path = SVCPopoView.h; sourceTree = "<group>"; };
		A4CF5EFB1A8C627000F8ADD2 /* SVCPopoView.m */ = {isa = PBXFileReference; fileEncoding = 4; lastKnownFileType = sourcecode.c.objc; path = SVCPopoView.m; sourceTree = "<group>"; };
		A4CF5F001A8C898500F8ADD2 /* ppt_palette_tool_bg.png */ = {isa = PBXFileReference; lastKnownFileType = image.png; path = ppt_palette_tool_bg.png; sourceTree = "<group>"; };
		A4CF5F011A8C898500F8ADD2 /* ppt_palette_tool_bg_selected.png */ = {isa = PBXFileReference; lastKnownFileType = image.png; path = ppt_palette_tool_bg_selected.png; sourceTree = "<group>"; };
		A4CF5F021A8C898500F8ADD2 /* ppt_palette_tool_foot.png */ = {isa = PBXFileReference; lastKnownFileType = image.png; path = ppt_palette_tool_foot.png; sourceTree = "<group>"; };
		A4CF5F031A8C898500F8ADD2 /* ppt_palette_tool_header.png */ = {isa = PBXFileReference; lastKnownFileType = image.png; path = ppt_palette_tool_header.png; sourceTree = "<group>"; };
		A4CF5F041A8C898500F8ADD2 /* ppt_palette_tool_item1_resize@2x.png */ = {isa = PBXFileReference; lastKnownFileType = image.png; path = "ppt_palette_tool_item1_resize@2x.png"; sourceTree = "<group>"; };
		A4CF5F051A8C898500F8ADD2 /* ppt_palette_tool_item2_pen@2x.png */ = {isa = PBXFileReference; lastKnownFileType = image.png; path = "ppt_palette_tool_item2_pen@2x.png"; sourceTree = "<group>"; };
		A4CF5F061A8C898500F8ADD2 /* ppt_palette_tool_item3_color@2x.png */ = {isa = PBXFileReference; lastKnownFileType = image.png; path = "ppt_palette_tool_item3_color@2x.png"; sourceTree = "<group>"; };
		A4CF5F071A8C898500F8ADD2 /* ppt_palette_tool_item4_eraser@2x.png */ = {isa = PBXFileReference; lastKnownFileType = image.png; path = "ppt_palette_tool_item4_eraser@2x.png"; sourceTree = "<group>"; };
		A4CF5F081A8C898500F8ADD2 /* ppt_palette_tool_item5_undo@2x.png */ = {isa = PBXFileReference; lastKnownFileType = image.png; path = "ppt_palette_tool_item5_undo@2x.png"; sourceTree = "<group>"; };
		A4CF5F091A8C898500F8ADD2 /* ppt_palette_tool_item6_redo@2x.png */ = {isa = PBXFileReference; lastKnownFileType = image.png; path = "ppt_palette_tool_item6_redo@2x.png"; sourceTree = "<group>"; };
		A4CF5F0A1A8C898500F8ADD2 /* ppt_palette_tool_item7_share@2x.png */ = {isa = PBXFileReference; lastKnownFileType = image.png; path = "ppt_palette_tool_item7_share@2x.png"; sourceTree = "<group>"; };
		A4CF5F0B1A8C898500F8ADD2 /* ppt_palette_tool_item8_save@2x.png */ = {isa = PBXFileReference; lastKnownFileType = image.png; path = "ppt_palette_tool_item8_save@2x.png"; sourceTree = "<group>"; };
		A4CF5F0C1A8C898500F8ADD2 /* ppt_palette_tool_item9_delete@2x.png */ = {isa = PBXFileReference; lastKnownFileType = image.png; path = "ppt_palette_tool_item9_delete@2x.png"; sourceTree = "<group>"; };
		A4CF5F0D1A8C898500F8ADD2 /* ppt_palette_tool_takeEmptyNew.png */ = {isa = PBXFileReference; lastKnownFileType = image.png; path = ppt_palette_tool_takeEmptyNew.png; sourceTree = "<group>"; };
		A4CF5F0E1A8C898500F8ADD2 /* ppt_palette_tool_takePhoto.png */ = {isa = PBXFileReference; lastKnownFileType = image.png; path = ppt_palette_tool_takePhoto.png; sourceTree = "<group>"; };
		A4DDD1B61A3ED6B300DAE96A /* TestStringViewController.h */ = {isa = PBXFileReference; fileEncoding = 4; lastKnownFileType = sourcecode.c.h; path = TestStringViewController.h; sourceTree = "<group>"; };
		A4DDD1B71A3ED6B300DAE96A /* TestStringViewController.m */ = {isa = PBXFileReference; fileEncoding = 4; lastKnownFileType = sourcecode.c.objc; path = TestStringViewController.m; sourceTree = "<group>"; };
		A4DDD1B81A3ED6B300DAE96A /* TestStringViewController_iPhone.xib */ = {isa = PBXFileReference; fileEncoding = 4; lastKnownFileType = file.xib; path = TestStringViewController_iPhone.xib; sourceTree = "<group>"; };
		A4FBCE341A78D92C001D8828 /* client.p12 */ = {isa = PBXFileReference; lastKnownFileType = file; path = client.p12; sourceTree = "<group>"; };
		A4FBCE351A78D92C001D8828 /* MKNetworkFactory.h */ = {isa = PBXFileReference; fileEncoding = 4; lastKnownFileType = sourcecode.c.h; path = MKNetworkFactory.h; sourceTree = "<group>"; };
		A4FBCE361A78D92C001D8828 /* MKNetworkFactory.m */ = {isa = PBXFileReference; fileEncoding = 4; lastKnownFileType = sourcecode.c.objc; path = MKNetworkFactory.m; sourceTree = "<group>"; };
		A4FBCE371A78D92C001D8828 /* SampleImage.jpg */ = {isa = PBXFileReference; lastKnownFileType = image.jpeg; path = SampleImage.jpg; sourceTree = "<group>"; };
		A4FBCE381A78D92C001D8828 /* SIDLownloadTestViewController.h */ = {isa = PBXFileReference; fileEncoding = 4; lastKnownFileType = sourcecode.c.h; path = SIDLownloadTestViewController.h; sourceTree = "<group>"; };
		A4FBCE391A78D92C001D8828 /* SIDLownloadTestViewController.m */ = {isa = PBXFileReference; fileEncoding = 4; lastKnownFileType = sourcecode.c.objc; path = SIDLownloadTestViewController.m; sourceTree = "<group>"; };
		A4FBCE3A1A78D92C001D8828 /* SIDLownloadTestViewController_iPhone.xib */ = {isa = PBXFileReference; fileEncoding = 4; lastKnownFileType = file.xib; path = SIDLownloadTestViewController_iPhone.xib; sourceTree = "<group>"; };
		A4FBCE3C1A78D92C001D8828 /* SIBreakpointsDownload.h */ = {isa = PBXFileReference; fileEncoding = 4; lastKnownFileType = sourcecode.c.h; path = SIBreakpointsDownload.h; sourceTree = "<group>"; };
		A4FBCE3D1A78D92C001D8828 /* SIBreakpointsDownload.m */ = {isa = PBXFileReference; fileEncoding = 4; lastKnownFileType = sourcecode.c.objc; path = SIBreakpointsDownload.m; sourceTree = "<group>"; };
		A4FBCE3E1A78D92C001D8828 /* SIDownloadManager.h */ = {isa = PBXFileReference; fileEncoding = 4; lastKnownFileType = sourcecode.c.h; path = SIDownloadManager.h; sourceTree = "<group>"; };
		A4FBCE3F1A78D92C001D8828 /* SIDownloadManager.m */ = {isa = PBXFileReference; fileEncoding = 4; lastKnownFileType = sourcecode.c.objc; path = SIDownloadManager.m; sourceTree = "<group>"; };
		A4FBCE401A78D92C001D8828 /* TestDownload2ViewController.h */ = {isa = PBXFileReference; fileEncoding = 4; lastKnownFileType = sourcecode.c.h; path = TestDownload2ViewController.h; sourceTree = "<group>"; };
		A4FBCE411A78D92C001D8828 /* TestDownload2ViewController.m */ = {isa = PBXFileReference; fileEncoding = 4; lastKnownFileType = sourcecode.c.objc; path = TestDownload2ViewController.m; sourceTree = "<group>"; };
		A4FBCE421A78D92C001D8828 /* TestDownload2ViewController_iPhone.xib */ = {isa = PBXFileReference; fileEncoding = 4; lastKnownFileType = file.xib; path = TestDownload2ViewController_iPhone.xib; sourceTree = "<group>"; };
		A4FBCE4C1A78D970001D8828 /* TestAsyncSocketViewController.h */ = {isa = PBXFileReference; fileEncoding = 4; lastKnownFileType = sourcecode.c.h; path = TestAsyncSocketViewController.h; sourceTree = "<group>"; };
		A4FBCE4D1A78D970001D8828 /* TestAsyncSocketViewController.m */ = {isa = PBXFileReference; fileEncoding = 4; lastKnownFileType = sourcecode.c.objc; path = TestAsyncSocketViewController.m; sourceTree = "<group>"; };
		A4FBCE4E1A78D970001D8828 /* TestAsyncSocketViewController_iPhone.xib */ = {isa = PBXFileReference; fileEncoding = 4; lastKnownFileType = file.xib; path = TestAsyncSocketViewController_iPhone.xib; sourceTree = "<group>"; };
/* End PBXFileReference section */

/* Begin PBXFrameworksBuildPhase section */
		A467209819F659360062C26D /* Frameworks */ = {
			isa = PBXFrameworksBuildPhase;
			buildActionMask = 2147483647;
			files = (
				A4CC8EE51A65058000076134 /* ImageIO.framework in Frameworks */,
				A4CC8EE31A65057400076134 /* Security.framework in Frameworks */,
				A4CC8EE11A65056A00076134 /* CFNetwork.framework in Frameworks */,
				A4CC8EDF1A65056300076134 /* SystemConfiguration.framework in Frameworks */,
				A41E6F2A1A52AB5000129EE8 /* CoreAudio.framework in Frameworks */,
				A41E6F281A52AADE00129EE8 /* AudioToolbox.framework in Frameworks */,
				A412F6BD1A48119C00458121 /* QuartzCore.framework in Frameworks */,
				A46720A119F659360062C26D /* CoreGraphics.framework in Frameworks */,
				A46720A319F659360062C26D /* UIKit.framework in Frameworks */,
				A467209F19F659360062C26D /* Foundation.framework in Frameworks */,
			);
			runOnlyForDeploymentPostprocessing = 0;
		};
		A46720BC19F659360062C26D /* Frameworks */ = {
			isa = PBXFrameworksBuildPhase;
			buildActionMask = 2147483647;
			files = (
				A46720C119F659360062C26D /* XCTest.framework in Frameworks */,
				A46720C319F659360062C26D /* UIKit.framework in Frameworks */,
				A46720C219F659360062C26D /* Foundation.framework in Frameworks */,
			);
			runOnlyForDeploymentPostprocessing = 0;
		};
/* End PBXFrameworksBuildPhase section */

/* Begin PBXGroup section */
		A4005B7C1A5A6A4400F2FEBB /* DoubleColorBall */ = {
			isa = PBXGroup;
			children = (
				A4005B7E1A5A6A9600F2FEBB /* DCBallMainViewController.h */,
				A4005B7F1A5A6A9600F2FEBB /* DCBallMainViewController.m */,
				A4005B801A5A6A9600F2FEBB /* DCBallMainViewController_iPhone.xib */,
			);
			path = DoubleColorBall;
			sourceTree = "<group>";
		};
		A4005B7D1A5A6A4400F2FEBB /* PreviewLife */ = {
			isa = PBXGroup;
			children = (
				A4005B831A5A6BFB00F2FEBB /* PLifeMainViewController.h */,
				A4005B841A5A6BFB00F2FEBB /* PLifeMainViewController.m */,
				A4005B851A5A6BFB00F2FEBB /* PLifeMainViewController_iPhone.xib */,
			);
			path = PreviewLife;
			sourceTree = "<group>";
		};
		A467209219F659360062C26D = {
			isa = PBXGroup;
			children = (
				A46720A419F659360062C26D /* BetterLife */,
				A46720C619F659360062C26D /* BetterLifeTests */,
				A467209D19F659360062C26D /* Frameworks */,
				A467209C19F659360062C26D /* Products */,
			);
			sourceTree = "<group>";
		};
		A467209C19F659360062C26D /* Products */ = {
			isa = PBXGroup;
			children = (
				A467209B19F659360062C26D /* BetterLife.app */,
				A46720BF19F659360062C26D /* BetterLifeTests.xctest */,
			);
			name = Products;
			sourceTree = "<group>";
		};
		A467209D19F659360062C26D /* Frameworks */ = {
			isa = PBXGroup;
			children = (
				A4CC8EE41A65058000076134 /* ImageIO.framework */,
				A4CC8EE21A65057400076134 /* Security.framework */,
				A4CC8EE01A65056A00076134 /* CFNetwork.framework */,
				A4CC8EDE1A65056300076134 /* SystemConfiguration.framework */,
				A41E6F291A52AB5000129EE8 /* CoreAudio.framework */,
				A41E6F271A52AADE00129EE8 /* AudioToolbox.framework */,
				A41E6F251A52AAD300129EE8 /* MediaToolbox.framework */,
				A412F6BC1A48119C00458121 /* QuartzCore.framework */,
				A467209E19F659360062C26D /* Foundation.framework */,
				A46720A019F659360062C26D /* CoreGraphics.framework */,
				A46720A219F659360062C26D /* UIKit.framework */,
				A46720C019F659360062C26D /* XCTest.framework */,
			);
			name = Frameworks;
			sourceTree = "<group>";
		};
		A46720A419F659360062C26D /* BetterLife */ = {
			isa = PBXGroup;
			children = (
				A46720AD19F659360062C26D /* AppDelegate.h */,
				A46720AE19F659360062C26D /* AppDelegate.m */,
				A4E2CFAC19F8EBDA005CFC80 /* Classes */,
				A4E2CFB319F8EBDB005CFC80 /* Resources */,
				A46720B919F659360062C26D /* Images.xcassets */,
				A46720A519F659360062C26D /* Supporting Files */,
			);
			path = BetterLife;
			sourceTree = "<group>";
		};
		A46720A519F659360062C26D /* Supporting Files */ = {
			isa = PBXGroup;
			children = (
				A46720A619F659360062C26D /* BetterLife-Info.plist */,
				A46720A719F659360062C26D /* InfoPlist.strings */,
				A46720AA19F659360062C26D /* main.m */,
				A46720AC19F659360062C26D /* BetterLife-Prefix.pch */,
			);
			name = "Supporting Files";
			sourceTree = "<group>";
		};
		A46720C619F659360062C26D /* BetterLifeTests */ = {
			isa = PBXGroup;
			children = (
				A46720CC19F659360062C26D /* BetterLifeTests.m */,
				A46720C719F659360062C26D /* Supporting Files */,
			);
			path = BetterLifeTests;
			sourceTree = "<group>";
		};
		A46720C719F659360062C26D /* Supporting Files */ = {
			isa = PBXGroup;
			children = (
				A46720C819F659360062C26D /* BetterLifeTests-Info.plist */,
				A46720C919F659360062C26D /* InfoPlist.strings */,
			);
			name = "Supporting Files";
			sourceTree = "<group>";
		};
		A469C9551A6F86F4003EB60F /* GCDAsyncSocket */ = {
			isa = PBXGroup;
			children = (
				A469C9561A6F86F4003EB60F /* GCDAsyncSocket.h */,
				A469C9571A6F86F4003EB60F /* GCDAsyncSocket.m */,
				A469C9581A6F86F4003EB60F /* GCDAsyncUdpSocket.h */,
				A469C9591A6F86F4003EB60F /* GCDAsyncUdpSocket.m */,
			);
			path = GCDAsyncSocket;
			sourceTree = "<group>";
		};
		A491DA741A4007B4001722D9 /* TestImageView */ = {
			isa = PBXGroup;
			children = (
				A42301911A42841B0024B154 /* test1@2x.JPG */,
				A42301921A42841B0024B154 /* test2@2x.JPG */,
				A491DA791A4007B4001722D9 /* TestImageViewController.h */,
				A491DA7A1A4007B4001722D9 /* TestImageViewController.m */,
				A491DA7B1A4007B4001722D9 /* TestImageViewController_iPhone.xib */,
			);
			path = TestImageView;
			sourceTree = "<group>";
		};
		A496B92D1A82271800259E33 /* TestPalette */ = {
			isa = PBXGroup;
			children = (
				A4CF5EFF1A8C898500F8ADD2 /* images */,
				A4CF5EFA1A8C627000F8ADD2 /* SVCPopoView.h */,
				A4CF5EFB1A8C627000F8ADD2 /* SVCPopoView.m */,
				A4CF5EF71A8C627000F8ADD2 /* SVCClassPaletteView.h */,
				A4CF5EF81A8C627000F8ADD2 /* SVCClassPaletteView.m */,
				A4CF5EF91A8C627000F8ADD2 /* SVCClassPaletteView.xib */,
				A496B92E1A82273C00259E33 /* TestPaletteViewController.h */,
				A496B92F1A82273C00259E33 /* TestPaletteViewController.m */,
				A496B9301A82273C00259E33 /* TestPaletteViewController_iPhone.xib */,
			);
			path = TestPalette;
			sourceTree = "<group>";
		};
		A4A833F41A4BD153005D247B /* FireWorks */ = {
			isa = PBXGroup;
			children = (
				A4A833F81A4BD153005D247B /* TestFileWorkViewController.h */,
				A4A833F91A4BD153005D247B /* TestFileWorkViewController.m */,
				A4A833FA1A4BD153005D247B /* TestFileWorkViewController_iPhone.xib */,
				A4A833F51A4BD153005D247B /* fire.png */,
				A4A833F61A4BD153005D247B /* smoke.png */,
				A4A833FB1A4BD153005D247B /* tspark.png */,
			);
			name = FireWorks;
			path = FileWorks;
			sourceTree = "<group>";
		};
		A4AE201D1A37E41C00D59432 /* BaseDefine */ = {
			isa = PBXGroup;
			children = (
				A4AE201E1A37E41C00D59432 /* BaseDefineObject.h */,
				A4AE201F1A37E41C00D59432 /* BaseDefineObject.m */,
				A4AE20201A37E41C00D59432 /* BaseDefineView.h */,
				A4AE20211A37E41C00D59432 /* BaseDefineView.m */,
				A4AE20221A37E41C00D59432 /* BaseDefineViewController.h */,
				A4AE20231A37E41C00D59432 /* BaseDefineViewController.m */,
				A4AE20241A37E41C00D59432 /* UIColor+BaseDefineColor.h */,
				A4AE20251A37E41C00D59432 /* UIColor+BaseDefineColor.m */,
				A4AE20261A37E41C00D59432 /* UIFont+BaseDefineFont.h */,
				A4AE20271A37E41C00D59432 /* UIFont+BaseDefineFont.m */,
				A4AE20281A37E41C00D59432 /* UITextField+shake.h */,
				A4AE20291A37E41C00D59432 /* UITextField+shake.m */,
			);
			path = BaseDefine;
			sourceTree = "<group>";
		};
		A4AE202A1A37E41C00D59432 /* MainView */ = {
			isa = PBXGroup;
			children = (
				A4AE202B1A37E41C00D59432 /* MainViewController.h */,
				A4AE202C1A37E41C00D59432 /* MainViewController.m */,
				A4AE202D1A37E41C00D59432 /* MainViewController_iPad.xib */,
				A4AE202E1A37E41C00D59432 /* MainViewController_iPhone.xib */,
			);
			path = MainView;
			sourceTree = "<group>";
		};
		A4AE202F1A37E41C00D59432 /* TestViews */ = {
			isa = PBXGroup;
			children = (
				A496B92D1A82271800259E33 /* TestPalette */,
				A4FBCE321A78D92C001D8828 /* TestAsyncSocket */,
				A4FBCE331A78D92C001D8828 /* TestMKNetworkKit */,
				A4005B7C1A5A6A4400F2FEBB /* DoubleColorBall */,
				A4005B7D1A5A6A4400F2FEBB /* PreviewLife */,
				A4A833F41A4BD153005D247B /* FireWorks */,
				A491DA741A4007B4001722D9 /* TestImageView */,
				A4DDD1B51A3ED69400DAE96A /* TestString */,
				A4AE20481A37E4C000D59432 /* 2048 */,
				A4AE20491A37E4C000D59432 /* Minesweeper */,
				A4AE20301A37E41C00D59432 /* SnowFlake */,
				A4AE20351A37E41C00D59432 /* TextFieldShake */,
			);
			path = TestViews;
			sourceTree = "<group>";
		};
		A4AE20301A37E41C00D59432 /* SnowFlake */ = {
			isa = PBXGroup;
			children = (
				A4AE20311A37E41C00D59432 /* snow_flake.png */,
				A4AE20321A37E41C00D59432 /* TestSnowFallViewController.h */,
				A4AE20331A37E41C00D59432 /* TestSnowFallViewController.m */,
				A4AE20341A37E41C00D59432 /* TestSnowFallViewController_iPhone.xib */,
			);
			path = SnowFlake;
			sourceTree = "<group>";
		};
		A4AE20351A37E41C00D59432 /* TextFieldShake */ = {
			isa = PBXGroup;
			children = (
				A4AE20361A37E41C00D59432 /* TestTextFieldViewController.h */,
				A4AE20371A37E41C00D59432 /* TestTextFieldViewController.m */,
				A4AE20381A37E41C00D59432 /* TestTextFieldViewController_iPhone.xib */,
			);
			path = TextFieldShake;
			sourceTree = "<group>";
		};
		A4AE20471A37E43300D59432 /* 3rdPartyWrapper */ = {
			isa = PBXGroup;
			children = (
				A469C9551A6F86F4003EB60F /* GCDAsyncSocket */,
				A4CC8EAA1A64EC9D00076134 /* MKNetworkKit */,
				A4CC8E901A64EC9D00076134 /* DDLog */,
				A4CC8EA11A64EC9D00076134 /* MBProgressHUD */,
			);
			path = 3rdPartyWrapper;
			sourceTree = "<group>";
		};
		A4AE20481A37E4C000D59432 /* 2048 */ = {
			isa = PBXGroup;
			children = (
				A412F6B51A480BA900458121 /* Test2048_back1.png */,
				A412F6B61A480BA900458121 /* Test2048_back2.png */,
				A4AE204A1A37E50200D59432 /* Test2048ViewController.h */,
				A4AE204B1A37E50200D59432 /* Test2048ViewController.m */,
				A412F6B91A480F3100458121 /* Test2048ItemView.h */,
				A412F6BA1A480F3100458121 /* Test2048ItemView.m */,
				A412F6BE1A48186E00458121 /* Test2048Utils.h */,
				A412F6BF1A48186E00458121 /* Test2048Utils.m */,
				A4AE204C1A37E50200D59432 /* Test2048ViewController_iPhone.xib */,
			);
			path = 2048;
			sourceTree = "<group>";
		};
		A4AE20491A37E4C000D59432 /* Minesweeper */ = {
			isa = PBXGroup;
			children = (
			);
			path = Minesweeper;
			sourceTree = "<group>";
		};
		A4CC8E8C1A64EC8D00076134 /* MediaPlay */ = {
			isa = PBXGroup;
			children = (
				A4CC8E8D1A64EC8D00076134 /* AudioPlayUtil.h */,
				A4CC8E8E1A64EC8D00076134 /* AudioPlayUtil.m */,
			);
			path = MediaPlay;
			sourceTree = "<group>";
		};
		A4CC8E901A64EC9D00076134 /* DDLog */ = {
			isa = PBXGroup;
			children = (
				A4CC8E911A64EC9D00076134 /* DDLogCommon.h */,
				A4CC8E921A64EC9D00076134 /* Lumberjack */,
			);
			path = DDLog;
			sourceTree = "<group>";
		};
		A4CC8E921A64EC9D00076134 /* Lumberjack */ = {
			isa = PBXGroup;
			children = (
				A4CC8E931A64EC9D00076134 /* DDASLLogCapture.h */,
				A4CC8E941A64EC9D00076134 /* DDASLLogCapture.m */,
				A4CC8E951A64EC9D00076134 /* DDASLLogger.h */,
				A4CC8E961A64EC9D00076134 /* DDASLLogger.m */,
				A4CC8E971A64EC9D00076134 /* DDCLLogger.h */,
				A4CC8E981A64EC9D00076134 /* DDCLLogger.m */,
				A4CC8E991A64EC9D00076134 /* DDFileLogger.h */,
				A4CC8E9A1A64EC9D00076134 /* DDFileLogger.m */,
				A4CC8E9B1A64EC9D00076134 /* DDLog.h */,
				A4CC8E9C1A64EC9D00076134 /* DDLog.m */,
				A4CC8E9D1A64EC9D00076134 /* DDTTYLogger.h */,
				A4CC8E9E1A64EC9D00076134 /* DDTTYLogger.m */,
				A4CC8E9F1A64EC9D00076134 /* SystemInfoObject.h */,
				A4CC8EA01A64EC9D00076134 /* SystemInfoObject.m */,
			);
			path = Lumberjack;
			sourceTree = "<group>";
		};
		A4CC8EA11A64EC9D00076134 /* MBProgressHUD */ = {
			isa = PBXGroup;
			children = (
				A4CC8EA21A64EC9D00076134 /* MBCheckMarkView.h */,
				A4CC8EA31A64EC9D00076134 /* MBCheckMarkView.m */,
				A4CC8EA41A64EC9D00076134 /* MBErrorMarkView.h */,
				A4CC8EA51A64EC9D00076134 /* MBErrorMarkView.m */,
				A4CC8EA61A64EC9D00076134 /* MBProgressHUD.h */,
				A4CC8EA71A64EC9D00076134 /* MBProgressHUD.m */,
				A4CC8EA81A64EC9D00076134 /* MBSpinningCircle.h */,
				A4CC8EA91A64EC9D00076134 /* MBSpinningCircle.m */,
			);
			path = MBProgressHUD;
			sourceTree = "<group>";
		};
		A4CC8EAA1A64EC9D00076134 /* MKNetworkKit */ = {
			isa = PBXGroup;
			children = (
				A4CC8EAB1A64EC9D00076134 /* MKNetworkKit */,
				A4CC8EC01A64EC9D00076134 /* MKNetworkKit.h */,
			);
			path = MKNetworkKit;
			sourceTree = "<group>";
		};
		A4CC8EAB1A64EC9D00076134 /* MKNetworkKit */ = {
			isa = PBXGroup;
			children = (
				A4CC8EAC1A64EC9D00076134 /* Categories */,
				A4CC8EB91A64EC9D00076134 /* MKNetworkEngine.h */,
				A4CC8EBA1A64EC9D00076134 /* MKNetworkEngine.m */,
				A4CC8EBB1A64EC9D00076134 /* MKNetworkOperation.h */,
				A4CC8EBC1A64EC9D00076134 /* MKNetworkOperation.m */,
				A4CC8EBD1A64EC9D00076134 /* Reachability */,
			);
			path = MKNetworkKit;
			sourceTree = "<group>";
		};
		A4CC8EAC1A64EC9D00076134 /* Categories */ = {
			isa = PBXGroup;
			children = (
				A4CC8EAD1A64EC9D00076134 /* NSData+MKBase64.h */,
				A4CC8EAE1A64EC9D00076134 /* NSData+MKBase64.m */,
				A4CC8EAF1A64EC9D00076134 /* NSDate+RFC1123.h */,
				A4CC8EB01A64EC9D00076134 /* NSDate+RFC1123.m */,
				A4CC8EB11A64EC9D00076134 /* NSDictionary+RequestEncoding.h */,
				A4CC8EB21A64EC9D00076134 /* NSDictionary+RequestEncoding.m */,
				A4CC8EB31A64EC9D00076134 /* NSString+MKNetworkKitAdditions.h */,
				A4CC8EB41A64EC9D00076134 /* NSString+MKNetworkKitAdditions.m */,
				A4CC8EB51A64EC9D00076134 /* UIAlertView+MKNetworkKitAdditions.h */,
				A4CC8EB61A64EC9D00076134 /* UIAlertView+MKNetworkKitAdditions.m */,
				A4CC8EB71A64EC9D00076134 /* UIImageView+MKNetworkKitAdditions.h */,
				A4CC8EB81A64EC9D00076134 /* UIImageView+MKNetworkKitAdditions.m */,
			);
			path = Categories;
			sourceTree = "<group>";
		};
		A4CC8EBD1A64EC9D00076134 /* Reachability */ = {
			isa = PBXGroup;
			children = (
				A4CC8EBE1A64EC9D00076134 /* Reachability.h */,
				A4CC8EBF1A64EC9D00076134 /* Reachability.m */,
			);
			path = Reachability;
			sourceTree = "<group>";
		};
		A4CF5EFF1A8C898500F8ADD2 /* images */ = {
			isa = PBXGroup;
			children = (
				A4CF5F001A8C898500F8ADD2 /* ppt_palette_tool_bg.png */,
				A4CF5F011A8C898500F8ADD2 /* ppt_palette_tool_bg_selected.png */,
				A4CF5F021A8C898500F8ADD2 /* ppt_palette_tool_foot.png */,
				A4CF5F031A8C898500F8ADD2 /* ppt_palette_tool_header.png */,
				A4CF5F041A8C898500F8ADD2 /* ppt_palette_tool_item1_resize@2x.png */,
				A4CF5F051A8C898500F8ADD2 /* ppt_palette_tool_item2_pen@2x.png */,
				A4CF5F061A8C898500F8ADD2 /* ppt_palette_tool_item3_color@2x.png */,
				A4CF5F071A8C898500F8ADD2 /* ppt_palette_tool_item4_eraser@2x.png */,
				A4CF5F081A8C898500F8ADD2 /* ppt_palette_tool_item5_undo@2x.png */,
				A4CF5F091A8C898500F8ADD2 /* ppt_palette_tool_item6_redo@2x.png */,
				A4CF5F0A1A8C898500F8ADD2 /* ppt_palette_tool_item7_share@2x.png */,
				A4CF5F0B1A8C898500F8ADD2 /* ppt_palette_tool_item8_save@2x.png */,
				A4CF5F0C1A8C898500F8ADD2 /* ppt_palette_tool_item9_delete@2x.png */,
				A4CF5F0D1A8C898500F8ADD2 /* ppt_palette_tool_takeEmptyNew.png */,
				A4CF5F0E1A8C898500F8ADD2 /* ppt_palette_tool_takePhoto.png */,
			);
			path = images;
			sourceTree = "<group>";
		};
		A4DDD1B51A3ED69400DAE96A /* TestString */ = {
			isa = PBXGroup;
			children = (
				A4DDD1B61A3ED6B300DAE96A /* TestStringViewController.h */,
				A4DDD1B71A3ED6B300DAE96A /* TestStringViewController.m */,
				A4DDD1B81A3ED6B300DAE96A /* TestStringViewController_iPhone.xib */,
			);
			path = TestString;
			sourceTree = "<group>";
		};
		A4E2CFAC19F8EBDA005CFC80 /* Classes */ = {
			isa = PBXGroup;
			children = (
				A4AE20471A37E43300D59432 /* 3rdPartyWrapper */,
				A4E2CFAE19F8EBDB005CFC80 /* Defines */,
				A4E2CFAF19F8EBDB005CFC80 /* Utils */,
				A4E2CFB019F8EBDB005CFC80 /* Views */,
			);
			path = Classes;
			sourceTree = "<group>";
		};
		A4E2CFAE19F8EBDB005CFC80 /* Defines */ = {
			isa = PBXGroup;
			children = (
			);
			path = Defines;
			sourceTree = "<group>";
		};
		A4E2CFAF19F8EBDB005CFC80 /* Utils */ = {
			isa = PBXGroup;
			children = (
				A4CC8E8C1A64EC8D00076134 /* MediaPlay */,
				A469C9521A6F5CEE003EB60F /* StringUtils.h */,
				A469C9531A6F5CEE003EB60F /* StringUtils.m */,
			);
			path = Utils;
			sourceTree = "<group>";
		};
		A4E2CFB019F8EBDB005CFC80 /* Views */ = {
			isa = PBXGroup;
			children = (
				A4AE201D1A37E41C00D59432 /* BaseDefine */,
				A4AE202A1A37E41C00D59432 /* MainView */,
				A4AE202F1A37E41C00D59432 /* TestViews */,
			);
			path = Views;
			sourceTree = "<group>";
		};
		A4E2CFB319F8EBDB005CFC80 /* Resources */ = {
			isa = PBXGroup;
			children = (
			);
			path = Resources;
			sourceTree = "<group>";
		};
		A4FBCE321A78D92C001D8828 /* TestAsyncSocket */ = {
			isa = PBXGroup;
			children = (
				A4FBCE4C1A78D970001D8828 /* TestAsyncSocketViewController.h */,
				A4FBCE4D1A78D970001D8828 /* TestAsyncSocketViewController.m */,
				A4FBCE4E1A78D970001D8828 /* TestAsyncSocketViewController_iPhone.xib */,
			);
			path = TestAsyncSocket;
			sourceTree = "<group>";
		};
		A4FBCE331A78D92C001D8828 /* TestMKNetworkKit */ = {
			isa = PBXGroup;
			children = (
				A4FBCE341A78D92C001D8828 /* client.p12 */,
				A4FBCE351A78D92C001D8828 /* MKNetworkFactory.h */,
				A4FBCE361A78D92C001D8828 /* MKNetworkFactory.m */,
				A4FBCE371A78D92C001D8828 /* SampleImage.jpg */,
				A4FBCE381A78D92C001D8828 /* SIDLownloadTestViewController.h */,
				A4FBCE391A78D92C001D8828 /* SIDLownloadTestViewController.m */,
				A4FBCE3A1A78D92C001D8828 /* SIDLownloadTestViewController_iPhone.xib */,
				A4FBCE3B1A78D92C001D8828 /* SIDownloader */,
				A4FBCE401A78D92C001D8828 /* TestDownload2ViewController.h */,
				A4FBCE411A78D92C001D8828 /* TestDownload2ViewController.m */,
				A4FBCE421A78D92C001D8828 /* TestDownload2ViewController_iPhone.xib */,
			);
			path = TestMKNetworkKit;
			sourceTree = "<group>";
		};
		A4FBCE3B1A78D92C001D8828 /* SIDownloader */ = {
			isa = PBXGroup;
			children = (
				A4FBCE3C1A78D92C001D8828 /* SIBreakpointsDownload.h */,
				A4FBCE3D1A78D92C001D8828 /* SIBreakpointsDownload.m */,
				A4FBCE3E1A78D92C001D8828 /* SIDownloadManager.h */,
				A4FBCE3F1A78D92C001D8828 /* SIDownloadManager.m */,
			);
			path = SIDownloader;
			sourceTree = "<group>";
		};
/* End PBXGroup section */

/* Begin PBXNativeTarget section */
		A467209A19F659360062C26D /* BetterLife */ = {
			isa = PBXNativeTarget;
			buildConfigurationList = A46720D019F659360062C26D /* Build configuration list for PBXNativeTarget "BetterLife" */;
			buildPhases = (
				A467209719F659360062C26D /* Sources */,
				A467209819F659360062C26D /* Frameworks */,
				A467209919F659360062C26D /* Resources */,
			);
			buildRules = (
			);
			dependencies = (
			);
			name = BetterLife;
			productName = BetterLife;
			productReference = A467209B19F659360062C26D /* BetterLife.app */;
			productType = "com.apple.product-type.application";
		};
		A46720BE19F659360062C26D /* BetterLifeTests */ = {
			isa = PBXNativeTarget;
			buildConfigurationList = A46720D319F659360062C26D /* Build configuration list for PBXNativeTarget "BetterLifeTests" */;
			buildPhases = (
				A46720BB19F659360062C26D /* Sources */,
				A46720BC19F659360062C26D /* Frameworks */,
				A46720BD19F659360062C26D /* Resources */,
			);
			buildRules = (
			);
			dependencies = (
				A46720C519F659360062C26D /* PBXTargetDependency */,
			);
			name = BetterLifeTests;
			productName = BetterLifeTests;
			productReference = A46720BF19F659360062C26D /* BetterLifeTests.xctest */;
			productType = "com.apple.product-type.bundle.unit-test";
		};
/* End PBXNativeTarget section */

/* Begin PBXProject section */
		A467209319F659360062C26D /* Project object */ = {
			isa = PBXProject;
			attributes = {
				LastUpgradeCheck = 0510;
				ORGANIZATIONNAME = wsliang;
				TargetAttributes = {
					A467209A19F659360062C26D = {
						DevelopmentTeam = E8ACXHT4W6;
					};
					A46720BE19F659360062C26D = {
						TestTargetID = A467209A19F659360062C26D;
					};
				};
			};
			buildConfigurationList = A467209619F659360062C26D /* Build configuration list for PBXProject "BetterLife" */;
			compatibilityVersion = "Xcode 3.2";
			developmentRegion = English;
			hasScannedForEncodings = 0;
			knownRegions = (
				en,
				Base,
			);
			mainGroup = A467209219F659360062C26D;
			productRefGroup = A467209C19F659360062C26D /* Products */;
			projectDirPath = "";
			projectRoot = "";
			targets = (
				A467209A19F659360062C26D /* BetterLife */,
				A46720BE19F659360062C26D /* BetterLifeTests */,
			);
		};
/* End PBXProject section */

/* Begin PBXResourcesBuildPhase section */
		A467209919F659360062C26D /* Resources */ = {
			isa = PBXResourcesBuildPhase;
			buildActionMask = 2147483647;
			files = (
				A4CF5F151A8C898500F8ADD2 /* ppt_palette_tool_item3_color@2x.png in Resources */,
				A4A833FC1A4BD153005D247B /* fire.png in Resources */,
				A4CF5F0F1A8C898500F8ADD2 /* ppt_palette_tool_bg.png in Resources */,
				A4A834011A4BD153005D247B /* tspark.png in Resources */,
				A4AE204E1A37E50200D59432 /* Test2048ViewController_iPhone.xib in Resources */,
				A412F6B81A480BA900458121 /* Test2048_back2.png in Resources */,
				A4FBCE471A78D92C001D8828 /* SIDLownloadTestViewController_iPhone.xib in Resources */,
				A4CF5F111A8C898500F8ADD2 /* ppt_palette_tool_foot.png in Resources */,
				A4AE20421A37E41C00D59432 /* snow_flake.png in Resources */,
				A4FBCE501A78D970001D8828 /* TestAsyncSocketViewController_iPhone.xib in Resources */,
				A412F6B71A480BA900458121 /* Test2048_back1.png in Resources */,
				A4AE20441A37E41C00D59432 /* TestSnowFallViewController_iPhone.xib in Resources */,
				A4FBCE451A78D92C001D8828 /* SampleImage.jpg in Resources */,
				A4CF5F101A8C898500F8ADD2 /* ppt_palette_tool_bg_selected.png in Resources */,
				A4CF5F161A8C898500F8ADD2 /* ppt_palette_tool_item4_eraser@2x.png in Resources */,
				A491DA811A4007B4001722D9 /* TestImageViewController_iPhone.xib in Resources */,
				A4AE20411A37E41C00D59432 /* MainViewController_iPhone.xib in Resources */,
				A4CF5F141A8C898500F8ADD2 /* ppt_palette_tool_item2_pen@2x.png in Resources */,
				A4CF5F171A8C898500F8ADD2 /* ppt_palette_tool_item5_undo@2x.png in Resources */,
				A46720BA19F659360062C26D /* Images.xcassets in Resources */,
				A4CF5F131A8C898500F8ADD2 /* ppt_palette_tool_item1_resize@2x.png in Resources */,
				A4AE20461A37E41C00D59432 /* TestTextFieldViewController_iPhone.xib in Resources */,
				A42301941A42841B0024B154 /* test2@2x.JPG in Resources */,
				A4A834001A4BD153005D247B /* TestFileWorkViewController_iPhone.xib in Resources */,
				A4CF5EFD1A8C627000F8ADD2 /* SVCClassPaletteView.xib in Resources */,
				A46720A919F659360062C26D /* InfoPlist.strings in Resources */,
				A4CF5F1A1A8C898500F8ADD2 /* ppt_palette_tool_item8_save@2x.png in Resources */,
				A4A833FD1A4BD153005D247B /* smoke.png in Resources */,
				A496B9321A82273C00259E33 /* TestPaletteViewController_iPhone.xib in Resources */,
				A4FBCE431A78D92C001D8828 /* client.p12 in Resources */,
				A4FBCE4B1A78D92C001D8828 /* TestDownload2ViewController_iPhone.xib in Resources */,
				A4CF5F121A8C898500F8ADD2 /* ppt_palette_tool_header.png in Resources */,
				A4CF5F181A8C898500F8ADD2 /* ppt_palette_tool_item6_redo@2x.png in Resources */,
				A4CF5F1C1A8C898500F8ADD2 /* ppt_palette_tool_takeEmptyNew.png in Resources */,
				A4CF5F1B1A8C898500F8ADD2 /* ppt_palette_tool_item9_delete@2x.png in Resources */,
				A4005B821A5A6A9600F2FEBB /* DCBallMainViewController_iPhone.xib in Resources */,
				A4005B871A5A6BFC00F2FEBB /* PLifeMainViewController_iPhone.xib in Resources */,
				A4CF5F191A8C898500F8ADD2 /* ppt_palette_tool_item7_share@2x.png in Resources */,
				A42301931A42841B0024B154 /* test1@2x.JPG in Resources */,
				A4DDD1BA1A3ED6B300DAE96A /* TestStringViewController_iPhone.xib in Resources */,
				A4CF5F1D1A8C898500F8ADD2 /* ppt_palette_tool_takePhoto.png in Resources */,
				A4AE20401A37E41C00D59432 /* MainViewController_iPad.xib in Resources */,
			);
			runOnlyForDeploymentPostprocessing = 0;
		};
		A46720BD19F659360062C26D /* Resources */ = {
			isa = PBXResourcesBuildPhase;
			buildActionMask = 2147483647;
			files = (
				A46720CB19F659360062C26D /* InfoPlist.strings in Resources */,
			);
			runOnlyForDeploymentPostprocessing = 0;
		};
/* End PBXResourcesBuildPhase section */

/* Begin PBXSourcesBuildPhase section */
		A467209719F659360062C26D /* Sources */ = {
			isa = PBXSourcesBuildPhase;
			buildActionMask = 2147483647;
			files = (
				A4AE204D1A37E50200D59432 /* Test2048ViewController.m in Sources */,
				A4FBCE4A1A78D92C001D8828 /* TestDownload2ViewController.m in Sources */,
				A4CC8EC41A64EC9D00076134 /* DDFileLogger.m in Sources */,
				A4AE203B1A37E41C00D59432 /* BaseDefineViewController.m in Sources */,
				A4CC8ED31A64EC9D00076134 /* MKNetworkOperation.m in Sources */,
				A4CC8EC81A64EC9D00076134 /* MBCheckMarkView.m in Sources */,
				A4AE203C1A37E41C00D59432 /* UIColor+BaseDefineColor.m in Sources */,
				A469C9541A6F5CEE003EB60F /* StringUtils.m in Sources */,
				A4005B811A5A6A9600F2FEBB /* DCBallMainViewController.m in Sources */,
				A4CC8E8F1A64EC8D00076134 /* AudioPlayUtil.m in Sources */,
				A4CC8ECB1A64EC9D00076134 /* MBSpinningCircle.m in Sources */,
				A4CC8ECA1A64EC9D00076134 /* MBProgressHUD.m in Sources */,
				A4FBCE491A78D92C001D8828 /* SIDownloadManager.m in Sources */,
				A4A833FF1A4BD153005D247B /* TestFileWorkViewController.m in Sources */,
				A4AE203A1A37E41C00D59432 /* BaseDefineView.m in Sources */,
				A491DA801A4007B4001722D9 /* TestImageViewController.m in Sources */,
				A46720AF19F659360062C26D /* AppDelegate.m in Sources */,
				A4CC8EC51A64EC9D00076134 /* DDLog.m in Sources */,
				A4CF5EFC1A8C627000F8ADD2 /* SVCClassPaletteView.m in Sources */,
				A4CC8EC91A64EC9D00076134 /* MBErrorMarkView.m in Sources */,
				A4CC8ECC1A64EC9D00076134 /* NSData+MKBase64.m in Sources */,
				A4CC8EC71A64EC9D00076134 /* SystemInfoObject.m in Sources */,
				A4CC8ECD1A64EC9D00076134 /* NSDate+RFC1123.m in Sources */,
				A4CC8EC11A64EC9D00076134 /* DDASLLogCapture.m in Sources */,
				A412F6BB1A480F3100458121 /* Test2048ItemView.m in Sources */,
				A4CF5EFE1A8C627000F8ADD2 /* SVCPopoView.m in Sources */,
				A412F6C01A48186E00458121 /* Test2048Utils.m in Sources */,
				A4AE203D1A37E41C00D59432 /* UIFont+BaseDefineFont.m in Sources */,
				A4FBCE4F1A78D970001D8828 /* TestAsyncSocketViewController.m in Sources */,
				A4DDD1B91A3ED6B300DAE96A /* TestStringViewController.m in Sources */,
				A4CC8ED11A64EC9D00076134 /* UIImageView+MKNetworkKitAdditions.m in Sources */,
				A469C95B1A6F86F4003EB60F /* GCDAsyncUdpSocket.m in Sources */,
				A4CC8ED01A64EC9D00076134 /* UIAlertView+MKNetworkKitAdditions.m in Sources */,
				A4CC8ECF1A64EC9D00076134 /* NSString+MKNetworkKitAdditions.m in Sources */,
				A4CC8EC21A64EC9D00076134 /* DDASLLogger.m in Sources */,
				A4AE20451A37E41C00D59432 /* TestTextFieldViewController.m in Sources */,
				A4CC8ED21A64EC9D00076134 /* MKNetworkEngine.m in Sources */,
				A4AE20391A37E41C00D59432 /* BaseDefineObject.m in Sources */,
				A4CC8EC61A64EC9D00076134 /* DDTTYLogger.m in Sources */,
				A4CC8ECE1A64EC9D00076134 /* NSDictionary+RequestEncoding.m in Sources */,
				A4FBCE461A78D92C001D8828 /* SIDLownloadTestViewController.m in Sources */,
				A4AE203E1A37E41C00D59432 /* UITextField+shake.m in Sources */,
				A4CC8ED41A64EC9D00076134 /* Reachability.m in Sources */,
				A46720AB19F659360062C26D /* main.m in Sources */,
				A496B9311A82273C00259E33 /* TestPaletteViewController.m in Sources */,
				A4AE20431A37E41C00D59432 /* TestSnowFallViewController.m in Sources */,
				A4CC8EC31A64EC9D00076134 /* DDCLLogger.m in Sources */,
				A4AE203F1A37E41C00D59432 /* MainViewController.m in Sources */,
				A4FBCE481A78D92C001D8828 /* SIBreakpointsDownload.m in Sources */,
				A4005B861A5A6BFB00F2FEBB /* PLifeMainViewController.m in Sources */,
				A469C95A1A6F86F4003EB60F /* GCDAsyncSocket.m in Sources */,
				A4FBCE441A78D92C001D8828 /* MKNetworkFactory.m in Sources */,
			);
			runOnlyForDeploymentPostprocessing = 0;
		};
		A46720BB19F659360062C26D /* Sources */ = {
			isa = PBXSourcesBuildPhase;
			buildActionMask = 2147483647;
			files = (
				A46720CD19F659360062C26D /* BetterLifeTests.m in Sources */,
			);
			runOnlyForDeploymentPostprocessing = 0;
		};
/* End PBXSourcesBuildPhase section */

/* Begin PBXTargetDependency section */
		A46720C519F659360062C26D /* PBXTargetDependency */ = {
			isa = PBXTargetDependency;
			target = A467209A19F659360062C26D /* BetterLife */;
			targetProxy = A46720C419F659360062C26D /* PBXContainerItemProxy */;
		};
/* End PBXTargetDependency section */

/* Begin PBXVariantGroup section */
		A46720A719F659360062C26D /* InfoPlist.strings */ = {
			isa = PBXVariantGroup;
			children = (
				A46720A819F659360062C26D /* en */,
			);
			name = InfoPlist.strings;
			sourceTree = "<group>";
		};
		A46720C919F659360062C26D /* InfoPlist.strings */ = {
			isa = PBXVariantGroup;
			children = (
				A46720CA19F659360062C26D /* en */,
			);
			name = InfoPlist.strings;
			sourceTree = "<group>";
		};
/* End PBXVariantGroup section */

/* Begin XCBuildConfiguration section */
		A46720CE19F659360062C26D /* Debug */ = {
			isa = XCBuildConfiguration;
			buildSettings = {
				ALWAYS_SEARCH_USER_PATHS = NO;
				CLANG_CXX_LANGUAGE_STANDARD = "gnu++0x";
				CLANG_CXX_LIBRARY = "libc++";
				CLANG_ENABLE_MODULES = YES;
				CLANG_ENABLE_OBJC_ARC = YES;
				CLANG_WARN_BOOL_CONVERSION = YES;
				CLANG_WARN_CONSTANT_CONVERSION = YES;
				CLANG_WARN_DIRECT_OBJC_ISA_USAGE = YES_ERROR;
				CLANG_WARN_EMPTY_BODY = YES;
				CLANG_WARN_ENUM_CONVERSION = YES;
				CLANG_WARN_INT_CONVERSION = YES;
				CLANG_WARN_OBJC_ROOT_CLASS = YES_ERROR;
				CLANG_WARN__DUPLICATE_METHOD_MATCH = YES;
				"CODE_SIGN_IDENTITY[sdk=iphoneos*]" = "iPhone Developer";
				COPY_PHASE_STRIP = NO;
				GCC_C_LANGUAGE_STANDARD = gnu99;
				GCC_DYNAMIC_NO_PIC = NO;
				GCC_OPTIMIZATION_LEVEL = 0;
				GCC_PREPROCESSOR_DEFINITIONS = (
					"DEBUG=1",
					"$(inherited)",
				);
				GCC_SYMBOLS_PRIVATE_EXTERN = NO;
				GCC_WARN_64_TO_32_BIT_CONVERSION = YES;
				GCC_WARN_ABOUT_RETURN_TYPE = YES_ERROR;
				GCC_WARN_UNDECLARED_SELECTOR = YES;
				GCC_WARN_UNINITIALIZED_AUTOS = YES_AGGRESSIVE;
				GCC_WARN_UNUSED_FUNCTION = YES;
				GCC_WARN_UNUSED_VARIABLE = YES;
				IPHONEOS_DEPLOYMENT_TARGET = 7.1;
				ONLY_ACTIVE_ARCH = YES;
				SDKROOT = iphoneos;
				TARGETED_DEVICE_FAMILY = "1,2";
			};
			name = Debug;
		};
		A46720CF19F659360062C26D /* Release */ = {
			isa = XCBuildConfiguration;
			buildSettings = {
				ALWAYS_SEARCH_USER_PATHS = NO;
				CLANG_CXX_LANGUAGE_STANDARD = "gnu++0x";
				CLANG_CXX_LIBRARY = "libc++";
				CLANG_ENABLE_MODULES = YES;
				CLANG_ENABLE_OBJC_ARC = YES;
				CLANG_WARN_BOOL_CONVERSION = YES;
				CLANG_WARN_CONSTANT_CONVERSION = YES;
				CLANG_WARN_DIRECT_OBJC_ISA_USAGE = YES_ERROR;
				CLANG_WARN_EMPTY_BODY = YES;
				CLANG_WARN_ENUM_CONVERSION = YES;
				CLANG_WARN_INT_CONVERSION = YES;
				CLANG_WARN_OBJC_ROOT_CLASS = YES_ERROR;
				CLANG_WARN__DUPLICATE_METHOD_MATCH = YES;
				"CODE_SIGN_IDENTITY[sdk=iphoneos*]" = "iPhone Developer";
				COPY_PHASE_STRIP = YES;
				ENABLE_NS_ASSERTIONS = NO;
				GCC_C_LANGUAGE_STANDARD = gnu99;
				GCC_WARN_64_TO_32_BIT_CONVERSION = YES;
				GCC_WARN_ABOUT_RETURN_TYPE = YES_ERROR;
				GCC_WARN_UNDECLARED_SELECTOR = YES;
				GCC_WARN_UNINITIALIZED_AUTOS = YES_AGGRESSIVE;
				GCC_WARN_UNUSED_FUNCTION = YES;
				GCC_WARN_UNUSED_VARIABLE = YES;
				IPHONEOS_DEPLOYMENT_TARGET = 7.1;
				SDKROOT = iphoneos;
				TARGETED_DEVICE_FAMILY = "1,2";
				VALIDATE_PRODUCT = YES;
			};
			name = Release;
		};
		A46720D119F659360062C26D /* Debug */ = {
			isa = XCBuildConfiguration;
			buildSettings = {
				ASSETCATALOG_COMPILER_APPICON_NAME = AppIcon;
				ASSETCATALOG_COMPILER_LAUNCHIMAGE_NAME = LaunchImage;
				CODE_SIGN_IDENTITY = "iPhone Developer";
				GCC_PRECOMPILE_PREFIX_HEADER = YES;
				GCC_PREFIX_HEADER = "BetterLife/BetterLife-Prefix.pch";
				INFOPLIST_FILE = "BetterLife/BetterLife-Info.plist";
				IPHONEOS_DEPLOYMENT_TARGET = 6.0;
				PRODUCT_NAME = "$(TARGET_NAME)";
				PROVISIONING_PROFILE = "e098c46d-bc36-4645-bfa5-4b42b9dea67d";
				TARGETED_DEVICE_FAMILY = 1;
				WRAPPER_EXTENSION = app;
			};
			name = Debug;
		};
		A46720D219F659360062C26D /* Release */ = {
			isa = XCBuildConfiguration;
			buildSettings = {
				ASSETCATALOG_COMPILER_APPICON_NAME = AppIcon;
				ASSETCATALOG_COMPILER_LAUNCHIMAGE_NAME = LaunchImage;
				CODE_SIGN_IDENTITY = "iPhone Developer";
				GCC_PRECOMPILE_PREFIX_HEADER = YES;
				GCC_PREFIX_HEADER = "BetterLife/BetterLife-Prefix.pch";
				INFOPLIST_FILE = "BetterLife/BetterLife-Info.plist";
				IPHONEOS_DEPLOYMENT_TARGET = 6.0;
				PRODUCT_NAME = "$(TARGET_NAME)";
				PROVISIONING_PROFILE = "e098c46d-bc36-4645-bfa5-4b42b9dea67d";
				TARGETED_DEVICE_FAMILY = 1;
				WRAPPER_EXTENSION = app;
			};
			name = Release;
		};
		A46720D419F659360062C26D /* Debug */ = {
			isa = XCBuildConfiguration;
			buildSettings = {
				BUNDLE_LOADER = "$(BUILT_PRODUCTS_DIR)/BetterLife.app/BetterLife";
				FRAMEWORK_SEARCH_PATHS = (
					"$(SDKROOT)/Developer/Library/Frameworks",
					"$(inherited)",
					"$(DEVELOPER_FRAMEWORKS_DIR)",
				);
				GCC_PRECOMPILE_PREFIX_HEADER = YES;
				GCC_PREFIX_HEADER = "BetterLife/BetterLife-Prefix.pch";
				GCC_PREPROCESSOR_DEFINITIONS = (
					"DEBUG=1",
					"$(inherited)",
				);
				INFOPLIST_FILE = "BetterLifeTests/BetterLifeTests-Info.plist";
				PRODUCT_NAME = "$(TARGET_NAME)";
				TEST_HOST = "$(BUNDLE_LOADER)";
				WRAPPER_EXTENSION = xctest;
			};
			name = Debug;
		};
		A46720D519F659360062C26D /* Release */ = {
			isa = XCBuildConfiguration;
			buildSettings = {
				BUNDLE_LOADER = "$(BUILT_PRODUCTS_DIR)/BetterLife.app/BetterLife";
				FRAMEWORK_SEARCH_PATHS = (
					"$(SDKROOT)/Developer/Library/Frameworks",
					"$(inherited)",
					"$(DEVELOPER_FRAMEWORKS_DIR)",
				);
				GCC_PRECOMPILE_PREFIX_HEADER = YES;
				GCC_PREFIX_HEADER = "BetterLife/BetterLife-Prefix.pch";
				INFOPLIST_FILE = "BetterLifeTests/BetterLifeTests-Info.plist";
				PRODUCT_NAME = "$(TARGET_NAME)";
				TEST_HOST = "$(BUNDLE_LOADER)";
				WRAPPER_EXTENSION = xctest;
			};
			name = Release;
		};
/* End XCBuildConfiguration section */

/* Begin XCConfigurationList section */
		A467209619F659360062C26D /* Build configuration list for PBXProject "BetterLife" */ = {
			isa = XCConfigurationList;
			buildConfigurations = (
				A46720CE19F659360062C26D /* Debug */,
				A46720CF19F659360062C26D /* Release */,
			);
			defaultConfigurationIsVisible = 0;
			defaultConfigurationName = Release;
		};
		A46720D019F659360062C26D /* Build configuration list for PBXNativeTarget "BetterLife" */ = {
			isa = XCConfigurationList;
			buildConfigurations = (
				A46720D119F659360062C26D /* Debug */,
				A46720D219F659360062C26D /* Release */,
			);
			defaultConfigurationIsVisible = 0;
			defaultConfigurationName = Release;
		};
		A46720D319F659360062C26D /* Build configuration list for PBXNativeTarget "BetterLifeTests" */ = {
			isa = XCConfigurationList;
			buildConfigurations = (
				A46720D419F659360062C26D /* Debug */,
				A46720D519F659360062C26D /* Release */,
			);
			defaultConfigurationIsVisible = 0;
			defaultConfigurationName = Release;
		};
/* End XCConfigurationList section */
	};
	rootObject = A467209319F659360062C26D /* Project object */;
}
