// !$*UTF8*$!
{
	archiveVersion = 1;
	classes = {
	};
	objectVersion = 46;
	objects = {

/* Begin PBXBuildFile section */
		A412F6B71A480BA900458121 /* Test2048_back1.png in Resources */ = {isa = PBXBuildFile; fileRef = A412F6B51A480BA900458121 /* Test2048_back1.png */; };
		A412F6B81A480BA900458121 /* Test2048_back2.png in Resources */ = {isa = PBXBuildFile; fileRef = A412F6B61A480BA900458121 /* Test2048_back2.png */; };
		A412F6BB1A480F3100458121 /* Test2048ItemView.m in Sources */ = {isa = PBXBuildFile; fileRef = A412F6BA1A480F3100458121 /* Test2048ItemView.m */; };
		A412F6BD1A48119C00458121 /* QuartzCore.framework in Frameworks */ = {isa = PBXBuildFile; fileRef = A412F6BC1A48119C00458121 /* QuartzCore.framework */; };
		A412F6C01A48186E00458121 /* Test2048Utils.m in Sources */ = {isa = PBXBuildFile; fileRef = A412F6BF1A48186E00458121 /* Test2048Utils.m */; };
		A42301931A42841B0024B154 /* test1@2x.JPG in Resources */ = {isa = PBXBuildFile; fileRef = A42301911A42841B0024B154 /* test1@2x.JPG */; };
		A42301941A42841B0024B154 /* test2@2x.JPG in Resources */ = {isa = PBXBuildFile; fileRef = A42301921A42841B0024B154 /* test2@2x.JPG */; };
		A467209F19F659360062C26D /* Foundation.framework in Frameworks */ = {isa = PBXBuildFile; fileRef = A467209E19F659360062C26D /* Foundation.framework */; };
		A46720A119F659360062C26D /* CoreGraphics.framework in Frameworks */ = {isa = PBXBuildFile; fileRef = A46720A019F659360062C26D /* CoreGraphics.framework */; };
		A46720A319F659360062C26D /* UIKit.framework in Frameworks */ = {isa = PBXBuildFile; fileRef = A46720A219F659360062C26D /* UIKit.framework */; };
		A46720A919F659360062C26D /* InfoPlist.strings in Resources */ = {isa = PBXBuildFile; fileRef = A46720A719F659360062C26D /* InfoPlist.strings */; };
		A46720AB19F659360062C26D /* main.m in Sources */ = {isa = PBXBuildFile; fileRef = A46720AA19F659360062C26D /* main.m */; };
		A46720AF19F659360062C26D /* AppDelegate.m in Sources */ = {isa = PBXBuildFile; fileRef = A46720AE19F659360062C26D /* AppDelegate.m */; };
		A46720BA19F659360062C26D /* Images.xcassets in Resources */ = {isa = PBXBuildFile; fileRef = A46720B919F659360062C26D /* Images.xcassets */; };
		A46720C119F659360062C26D /* XCTest.framework in Frameworks */ = {isa = PBXBuildFile; fileRef = A46720C019F659360062C26D /* XCTest.framework */; };
		A46720C219F659360062C26D /* Foundation.framework in Frameworks */ = {isa = PBXBuildFile; fileRef = A467209E19F659360062C26D /* Foundation.framework */; };
		A46720C319F659360062C26D /* UIKit.framework in Frameworks */ = {isa = PBXBuildFile; fileRef = A46720A219F659360062C26D /* UIKit.framework */; };
		A46720CB19F659360062C26D /* InfoPlist.strings in Resources */ = {isa = PBXBuildFile; fileRef = A46720C919F659360062C26D /* InfoPlist.strings */; };
		A46720CD19F659360062C26D /* BetterLifeTests.m in Sources */ = {isa = PBXBuildFile; fileRef = A46720CC19F659360062C26D /* BetterLifeTests.m */; };
		A491DA801A4007B4001722D9 /* TestImageViewController.m in Sources */ = {isa = PBXBuildFile; fileRef = A491DA7A1A4007B4001722D9 /* TestImageViewController.m */; };
		A491DA811A4007B4001722D9 /* TestImageViewController_iPhone.xib in Resources */ = {isa = PBXBuildFile; fileRef = A491DA7B1A4007B4001722D9 /* TestImageViewController_iPhone.xib */; };
		A4AE20391A37E41C00D59432 /* BaseDefineObject.m in Sources */ = {isa = PBXBuildFile; fileRef = A4AE201F1A37E41C00D59432 /* BaseDefineObject.m */; };
		A4AE203A1A37E41C00D59432 /* BaseDefineView.m in Sources */ = {isa = PBXBuildFile; fileRef = A4AE20211A37E41C00D59432 /* BaseDefineView.m */; };
		A4AE203B1A37E41C00D59432 /* BaseDefineViewController.m in Sources */ = {isa = PBXBuildFile; fileRef = A4AE20231A37E41C00D59432 /* BaseDefineViewController.m */; };
		A4AE203C1A37E41C00D59432 /* UIColor+BaseDefineColor.m in Sources */ = {isa = PBXBuildFile; fileRef = A4AE20251A37E41C00D59432 /* UIColor+BaseDefineColor.m */; };
		A4AE203D1A37E41C00D59432 /* UIFont+BaseDefineFont.m in Sources */ = {isa = PBXBuildFile; fileRef = A4AE20271A37E41C00D59432 /* UIFont+BaseDefineFont.m */; };
		A4AE203E1A37E41C00D59432 /* UITextField+shake.m in Sources */ = {isa = PBXBuildFile; fileRef = A4AE20291A37E41C00D59432 /* UITextField+shake.m */; };
		A4AE203F1A37E41C00D59432 /* MainViewController.m in Sources */ = {isa = PBXBuildFile; fileRef = A4AE202C1A37E41C00D59432 /* MainViewController.m */; };
		A4AE20401A37E41C00D59432 /* MainViewController_iPad.xib in Resources */ = {isa = PBXBuildFile; fileRef = A4AE202D1A37E41C00D59432 /* MainViewController_iPad.xib */; };
		A4AE20411A37E41C00D59432 /* MainViewController_iPhone.xib in Resources */ = {isa = PBXBuildFile; fileRef = A4AE202E1A37E41C00D59432 /* MainViewController_iPhone.xib */; };
		A4AE20421A37E41C00D59432 /* snow_flake.png in Resources */ = {isa = PBXBuildFile; fileRef = A4AE20311A37E41C00D59432 /* snow_flake.png */; };
		A4AE20431A37E41C00D59432 /* TestSnowFallViewController.m in Sources */ = {isa = PBXBuildFile; fileRef = A4AE20331A37E41C00D59432 /* TestSnowFallViewController.m */; };
		A4AE20441A37E41C00D59432 /* TestSnowFallViewController_iPhone.xib in Resources */ = {isa = PBXBuildFile; fileRef = A4AE20341A37E41C00D59432 /* TestSnowFallViewController_iPhone.xib */; };
		A4AE20451A37E41C00D59432 /* TestTextFieldViewController.m in Sources */ = {isa = PBXBuildFile; fileRef = A4AE20371A37E41C00D59432 /* TestTextFieldViewController.m */; };
		A4AE20461A37E41C00D59432 /* TestTextFieldViewController_iPhone.xib in Resources */ = {isa = PBXBuildFile; fileRef = A4AE20381A37E41C00D59432 /* TestTextFieldViewController_iPhone.xib */; };
		A4AE204D1A37E50200D59432 /* Test2048ViewController.m in Sources */ = {isa = PBXBuildFile; fileRef = A4AE204B1A37E50200D59432 /* Test2048ViewController.m */; };
		A4AE204E1A37E50200D59432 /* Test2048ViewController_iPhone.xib in Resources */ = {isa = PBXBuildFile; fileRef = A4AE204C1A37E50200D59432 /* Test2048ViewController_iPhone.xib */; };
		A4DDD1B91A3ED6B300DAE96A /* TestStringViewController.m in Sources */ = {isa = PBXBuildFile; fileRef = A4DDD1B71A3ED6B300DAE96A /* TestStringViewController.m */; };
		A4DDD1BA1A3ED6B300DAE96A /* TestStringViewController_iPhone.xib in Resources */ = {isa = PBXBuildFile; fileRef = A4DDD1B81A3ED6B300DAE96A /* TestStringViewController_iPhone.xib */; };
/* End PBXBuildFile section */

/* Begin PBXContainerItemProxy section */
		A46720C419F659360062C26D /* PBXContainerItemProxy */ = {
			isa = PBXContainerItemProxy;
			containerPortal = A467209319F659360062C26D /* Project object */;
			proxyType = 1;
			remoteGlobalIDString = A467209A19F659360062C26D;
			remoteInfo = BetterLife;
		};
/* End PBXContainerItemProxy section */

/* Begin PBXFileReference section */
		A412F6B51A480BA900458121 /* Test2048_back1.png */ = {isa = PBXFileReference; lastKnownFileType = image.png; path = Test2048_back1.png; sourceTree = "<group>"; };
		A412F6B61A480BA900458121 /* Test2048_back2.png */ = {isa = PBXFileReference; lastKnownFileType = image.png; path = Test2048_back2.png; sourceTree = "<group>"; };
		A412F6B91A480F3100458121 /* Test2048ItemView.h */ = {isa = PBXFileReference; fileEncoding = 4; lastKnownFileType = sourcecode.c.h; path = Test2048ItemView.h; sourceTree = "<group>"; };
		A412F6BA1A480F3100458121 /* Test2048ItemView.m */ = {isa = PBXFileReference; fileEncoding = 4; lastKnownFileType = sourcecode.c.objc; path = Test2048ItemView.m; sourceTree = "<group>"; };
		A412F6BC1A48119C00458121 /* QuartzCore.framework */ = {isa = PBXFileReference; lastKnownFileType = wrapper.framework; name = QuartzCore.framework; path = System/Library/Frameworks/QuartzCore.framework; sourceTree = SDKROOT; };
		A412F6BE1A48186E00458121 /* Test2048Utils.h */ = {isa = PBXFileReference; fileEncoding = 4; lastKnownFileType = sourcecode.c.h; path = Test2048Utils.h; sourceTree = "<group>"; };
		A412F6BF1A48186E00458121 /* Test2048Utils.m */ = {isa = PBXFileReference; fileEncoding = 4; lastKnownFileType = sourcecode.c.objc; path = Test2048Utils.m; sourceTree = "<group>"; };
		A42301911A42841B0024B154 /* test1@2x.JPG */ = {isa = PBXFileReference; lastKnownFileType = image.jpeg; path = "test1@2x.JPG"; sourceTree = "<group>"; };
		A42301921A42841B0024B154 /* test2@2x.JPG */ = {isa = PBXFileReference; lastKnownFileType = image.jpeg; path = "test2@2x.JPG"; sourceTree = "<group>"; };
		A467209B19F659360062C26D /* BetterLife.app */ = {isa = PBXFileReference; explicitFileType = wrapper.application; includeInIndex = 0; path = BetterLife.app; sourceTree = BUILT_PRODUCTS_DIR; };
		A467209E19F659360062C26D /* Foundation.framework */ = {isa = PBXFileReference; lastKnownFileType = wrapper.framework; name = Foundation.framework; path = System/Library/Frameworks/Foundation.framework; sourceTree = SDKROOT; };
		A46720A019F659360062C26D /* CoreGraphics.framework */ = {isa = PBXFileReference; lastKnownFileType = wrapper.framework; name = CoreGraphics.framework; path = System/Library/Frameworks/CoreGraphics.framework; sourceTree = SDKROOT; };
		A46720A219F659360062C26D /* UIKit.framework */ = {isa = PBXFileReference; lastKnownFileType = wrapper.framework; name = UIKit.framework; path = System/Library/Frameworks/UIKit.framework; sourceTree = SDKROOT; };
		A46720A619F659360062C26D /* BetterLife-Info.plist */ = {isa = PBXFileReference; lastKnownFileType = text.plist.xml; path = "BetterLife-Info.plist"; sourceTree = "<group>"; };
		A46720A819F659360062C26D /* en */ = {isa = PBXFileReference; lastKnownFileType = text.plist.strings; name = en; path = en.lproj/InfoPlist.strings; sourceTree = "<group>"; };
		A46720AA19F659360062C26D /* main.m */ = {isa = PBXFileReference; lastKnownFileType = sourcecode.c.objc; path = main.m; sourceTree = "<group>"; };
		A46720AC19F659360062C26D /* BetterLife-Prefix.pch */ = {isa = PBXFileReference; lastKnownFileType = sourcecode.c.h; path = "BetterLife-Prefix.pch"; sourceTree = "<group>"; };
		A46720AD19F659360062C26D /* AppDelegate.h */ = {isa = PBXFileReference; lastKnownFileType = sourcecode.c.h; path = AppDelegate.h; sourceTree = "<group>"; };
		A46720AE19F659360062C26D /* AppDelegate.m */ = {isa = PBXFileReference; lastKnownFileType = sourcecode.c.objc; path = AppDelegate.m; sourceTree = "<group>"; };
		A46720B919F659360062C26D /* Images.xcassets */ = {isa = PBXFileReference; lastKnownFileType = folder.assetcatalog; path = Images.xcassets; sourceTree = "<group>"; };
		A46720BF19F659360062C26D /* BetterLifeTests.xctest */ = {isa = PBXFileReference; explicitFileType = wrapper.cfbundle; includeInIndex = 0; path = BetterLifeTests.xctest; sourceTree = BUILT_PRODUCTS_DIR; };
		A46720C019F659360062C26D /* XCTest.framework */ = {isa = PBXFileReference; lastKnownFileType = wrapper.framework; name = XCTest.framework; path = Library/Frameworks/XCTest.framework; sourceTree = DEVELOPER_DIR; };
		A46720C819F659360062C26D /* BetterLifeTests-Info.plist */ = {isa = PBXFileReference; lastKnownFileType = text.plist.xml; path = "BetterLifeTests-Info.plist"; sourceTree = "<group>"; };
		A46720CA19F659360062C26D /* en */ = {isa = PBXFileReference; lastKnownFileType = text.plist.strings; name = en; path = en.lproj/InfoPlist.strings; sourceTree = "<group>"; };
		A46720CC19F659360062C26D /* BetterLifeTests.m */ = {isa = PBXFileReference; lastKnownFileType = sourcecode.c.objc; path = BetterLifeTests.m; sourceTree = "<group>"; };
		A491DA791A4007B4001722D9 /* TestImageViewController.h */ = {isa = PBXFileReference; fileEncoding = 4; lastKnownFileType = sourcecode.c.h; path = TestImageViewController.h; sourceTree = "<group>"; };
		A491DA7A1A4007B4001722D9 /* TestImageViewController.m */ = {isa = PBXFileReference; fileEncoding = 4; lastKnownFileType = sourcecode.c.objc; path = TestImageViewController.m; sourceTree = "<group>"; };
		A491DA7B1A4007B4001722D9 /* TestImageViewController_iPhone.xib */ = {isa = PBXFileReference; fileEncoding = 4; lastKnownFileType = file.xib; path = TestImageViewController_iPhone.xib; sourceTree = "<group>"; };
		A4AE201E1A37E41C00D59432 /* BaseDefineObject.h */ = {isa = PBXFileReference; fileEncoding = 4; lastKnownFileType = sourcecode.c.h; path = BaseDefineObject.h; sourceTree = "<group>"; };
		A4AE201F1A37E41C00D59432 /* BaseDefineObject.m */ = {isa = PBXFileReference; fileEncoding = 4; lastKnownFileType = sourcecode.c.objc; path = BaseDefineObject.m; sourceTree = "<group>"; };
		A4AE20201A37E41C00D59432 /* BaseDefineView.h */ = {isa = PBXFileReference; fileEncoding = 4; lastKnownFileType = sourcecode.c.h; path = BaseDefineView.h; sourceTree = "<group>"; };
		A4AE20211A37E41C00D59432 /* BaseDefineView.m */ = {isa = PBXFileReference; fileEncoding = 4; lastKnownFileType = sourcecode.c.objc; path = BaseDefineView.m; sourceTree = "<group>"; };
		A4AE20221A37E41C00D59432 /* BaseDefineViewController.h */ = {isa = PBXFileReference; fileEncoding = 4; lastKnownFileType = sourcecode.c.h; path = BaseDefineViewController.h; sourceTree = "<group>"; };
		A4AE20231A37E41C00D59432 /* BaseDefineViewController.m */ = {isa = PBXFileReference; fileEncoding = 4; lastKnownFileType = sourcecode.c.objc; path = BaseDefineViewController.m; sourceTree = "<group>"; };
		A4AE20241A37E41C00D59432 /* UIColor+BaseDefineColor.h */ = {isa = PBXFileReference; fileEncoding = 4; lastKnownFileType = sourcecode.c.h; path = "UIColor+BaseDefineColor.h"; sourceTree = "<group>"; };
		A4AE20251A37E41C00D59432 /* UIColor+BaseDefineColor.m */ = {isa = PBXFileReference; fileEncoding = 4; lastKnownFileType = sourcecode.c.objc; path = "UIColor+BaseDefineColor.m"; sourceTree = "<group>"; };
		A4AE20261A37E41C00D59432 /* UIFont+BaseDefineFont.h */ = {isa = PBXFileReference; fileEncoding = 4; lastKnownFileType = sourcecode.c.h; path = "UIFont+BaseDefineFont.h"; sourceTree = "<group>"; };
		A4AE20271A37E41C00D59432 /* UIFont+BaseDefineFont.m */ = {isa = PBXFileReference; fileEncoding = 4; lastKnownFileType = sourcecode.c.objc; path = "UIFont+BaseDefineFont.m"; sourceTree = "<group>"; };
		A4AE20281A37E41C00D59432 /* UITextField+shake.h */ = {isa = PBXFileReference; fileEncoding = 4; lastKnownFileType = sourcecode.c.h; path = "UITextField+shake.h"; sourceTree = "<group>"; };
		A4AE20291A37E41C00D59432 /* UITextField+shake.m */ = {isa = PBXFileReference; fileEncoding = 4; lastKnownFileType = sourcecode.c.objc; path = "UITextField+shake.m"; sourceTree = "<group>"; };
		A4AE202B1A37E41C00D59432 /* MainViewController.h */ = {isa = PBXFileReference; fileEncoding = 4; lastKnownFileType = sourcecode.c.h; path = MainViewController.h; sourceTree = "<group>"; };
		A4AE202C1A37E41C00D59432 /* MainViewController.m */ = {isa = PBXFileReference; fileEncoding = 4; lastKnownFileType = sourcecode.c.objc; path = MainViewController.m; sourceTree = "<group>"; };
		A4AE202D1A37E41C00D59432 /* MainViewController_iPad.xib */ = {isa = PBXFileReference; fileEncoding = 4; lastKnownFileType = file.xib; path = MainViewController_iPad.xib; sourceTree = "<group>"; };
		A4AE202E1A37E41C00D59432 /* MainViewController_iPhone.xib */ = {isa = PBXFileReference; fileEncoding = 4; lastKnownFileType = file.xib; path = MainViewController_iPhone.xib; sourceTree = "<group>"; };
		A4AE20311A37E41C00D59432 /* snow_flake.png */ = {isa = PBXFileReference; lastKnownFileType = image.png; path = snow_flake.png; sourceTree = "<group>"; };
		A4AE20321A37E41C00D59432 /* TestSnowFallViewController.h */ = {isa = PBXFileReference; fileEncoding = 4; lastKnownFileType = sourcecode.c.h; path = TestSnowFallViewController.h; sourceTree = "<group>"; };
		A4AE20331A37E41C00D59432 /* TestSnowFallViewController.m */ = {isa = PBXFileReference; fileEncoding = 4; lastKnownFileType = sourcecode.c.objc; path = TestSnowFallViewController.m; sourceTree = "<group>"; };
		A4AE20341A37E41C00D59432 /* TestSnowFallViewController_iPhone.xib */ = {isa = PBXFileReference; fileEncoding = 4; lastKnownFileType = file.xib; path = TestSnowFallViewController_iPhone.xib; sourceTree = "<group>"; };
		A4AE20361A37E41C00D59432 /* TestTextFieldViewController.h */ = {isa = PBXFileReference; fileEncoding = 4; lastKnownFileType = sourcecode.c.h; path = TestTextFieldViewController.h; sourceTree = "<group>"; };
		A4AE20371A37E41C00D59432 /* TestTextFieldViewController.m */ = {isa = PBXFileReference; fileEncoding = 4; lastKnownFileType = sourcecode.c.objc; path = TestTextFieldViewController.m; sourceTree = "<group>"; };
		A4AE20381A37E41C00D59432 /* TestTextFieldViewController_iPhone.xib */ = {isa = PBXFileReference; fileEncoding = 4; lastKnownFileType = file.xib; path = TestTextFieldViewController_iPhone.xib; sourceTree = "<group>"; };
		A4AE204A1A37E50200D59432 /* Test2048ViewController.h */ = {isa = PBXFileReference; fileEncoding = 4; lastKnownFileType = sourcecode.c.h; path = Test2048ViewController.h; sourceTree = "<group>"; };
		A4AE204B1A37E50200D59432 /* Test2048ViewController.m */ = {isa = PBXFileReference; fileEncoding = 4; lastKnownFileType = sourcecode.c.objc; path = Test2048ViewController.m; sourceTree = "<group>"; };
		A4AE204C1A37E50200D59432 /* Test2048ViewController_iPhone.xib */ = {isa = PBXFileReference; fileEncoding = 4; lastKnownFileType = file.xib; path = Test2048ViewController_iPhone.xib; sourceTree = "<group>"; };
		A4DDD1B61A3ED6B300DAE96A /* TestStringViewController.h */ = {isa = PBXFileReference; fileEncoding = 4; lastKnownFileType = sourcecode.c.h; path = TestStringViewController.h; sourceTree = "<group>"; };
		A4DDD1B71A3ED6B300DAE96A /* TestStringViewController.m */ = {isa = PBXFileReference; fileEncoding = 4; lastKnownFileType = sourcecode.c.objc; path = TestStringViewController.m; sourceTree = "<group>"; };
		A4DDD1B81A3ED6B300DAE96A /* TestStringViewController_iPhone.xib */ = {isa = PBXFileReference; fileEncoding = 4; lastKnownFileType = file.xib; path = TestStringViewController_iPhone.xib; sourceTree = "<group>"; };
/* End PBXFileReference section */

/* Begin PBXFrameworksBuildPhase section */
		A467209819F659360062C26D /* Frameworks */ = {
			isa = PBXFrameworksBuildPhase;
			buildActionMask = 2147483647;
			files = (
				A412F6BD1A48119C00458121 /* QuartzCore.framework in Frameworks */,
				A46720A119F659360062C26D /* CoreGraphics.framework in Frameworks */,
				A46720A319F659360062C26D /* UIKit.framework in Frameworks */,
				A467209F19F659360062C26D /* Foundation.framework in Frameworks */,
			);
			runOnlyForDeploymentPostprocessing = 0;
		};
		A46720BC19F659360062C26D /* Frameworks */ = {
			isa = PBXFrameworksBuildPhase;
			buildActionMask = 2147483647;
			files = (
				A46720C119F659360062C26D /* XCTest.framework in Frameworks */,
				A46720C319F659360062C26D /* UIKit.framework in Frameworks */,
				A46720C219F659360062C26D /* Foundation.framework in Frameworks */,
			);
			runOnlyForDeploymentPostprocessing = 0;
		};
/* End PBXFrameworksBuildPhase section */

/* Begin PBXGroup section */
		A467209219F659360062C26D = {
			isa = PBXGroup;
			children = (
				A46720A419F659360062C26D /* BetterLife */,
				A46720C619F659360062C26D /* BetterLifeTests */,
				A467209D19F659360062C26D /* Frameworks */,
				A467209C19F659360062C26D /* Products */,
			);
			sourceTree = "<group>";
		};
		A467209C19F659360062C26D /* Products */ = {
			isa = PBXGroup;
			children = (
				A467209B19F659360062C26D /* BetterLife.app */,
				A46720BF19F659360062C26D /* BetterLifeTests.xctest */,
			);
			name = Products;
			sourceTree = "<group>";
		};
		A467209D19F659360062C26D /* Frameworks */ = {
			isa = PBXGroup;
			children = (
				A412F6BC1A48119C00458121 /* QuartzCore.framework */,
				A467209E19F659360062C26D /* Foundation.framework */,
				A46720A019F659360062C26D /* CoreGraphics.framework */,
				A46720A219F659360062C26D /* UIKit.framework */,
				A46720C019F659360062C26D /* XCTest.framework */,
			);
			name = Frameworks;
			sourceTree = "<group>";
		};
		A46720A419F659360062C26D /* BetterLife */ = {
			isa = PBXGroup;
			children = (
				A46720AD19F659360062C26D /* AppDelegate.h */,
				A46720AE19F659360062C26D /* AppDelegate.m */,
				A4E2CFAC19F8EBDA005CFC80 /* Classes */,
				A4E2CFB319F8EBDB005CFC80 /* Resources */,
				A46720B919F659360062C26D /* Images.xcassets */,
				A46720A519F659360062C26D /* Supporting Files */,
			);
			path = BetterLife;
			sourceTree = "<group>";
		};
		A46720A519F659360062C26D /* Supporting Files */ = {
			isa = PBXGroup;
			children = (
				A46720A619F659360062C26D /* BetterLife-Info.plist */,
				A46720A719F659360062C26D /* InfoPlist.strings */,
				A46720AA19F659360062C26D /* main.m */,
				A46720AC19F659360062C26D /* BetterLife-Prefix.pch */,
			);
			name = "Supporting Files";
			sourceTree = "<group>";
		};
		A46720C619F659360062C26D /* BetterLifeTests */ = {
			isa = PBXGroup;
			children = (
				A46720CC19F659360062C26D /* BetterLifeTests.m */,
				A46720C719F659360062C26D /* Supporting Files */,
			);
			path = BetterLifeTests;
			sourceTree = "<group>";
		};
		A46720C719F659360062C26D /* Supporting Files */ = {
			isa = PBXGroup;
			children = (
				A46720C819F659360062C26D /* BetterLifeTests-Info.plist */,
				A46720C919F659360062C26D /* InfoPlist.strings */,
			);
			name = "Supporting Files";
			sourceTree = "<group>";
		};
		A491DA741A4007B4001722D9 /* TestImageView */ = {
			isa = PBXGroup;
			children = (
				A42301911A42841B0024B154 /* test1@2x.JPG */,
				A42301921A42841B0024B154 /* test2@2x.JPG */,
				A491DA791A4007B4001722D9 /* TestImageViewController.h */,
				A491DA7A1A4007B4001722D9 /* TestImageViewController.m */,
				A491DA7B1A4007B4001722D9 /* TestImageViewController_iPhone.xib */,
			);
			path = TestImageView;
			sourceTree = "<group>";
		};
		A4AE201D1A37E41C00D59432 /* BaseDefine */ = {
			isa = PBXGroup;
			children = (
				A4AE201E1A37E41C00D59432 /* BaseDefineObject.h */,
				A4AE201F1A37E41C00D59432 /* BaseDefineObject.m */,
				A4AE20201A37E41C00D59432 /* BaseDefineView.h */,
				A4AE20211A37E41C00D59432 /* BaseDefineView.m */,
				A4AE20221A37E41C00D59432 /* BaseDefineViewController.h */,
				A4AE20231A37E41C00D59432 /* BaseDefineViewController.m */,
				A4AE20241A37E41C00D59432 /* UIColor+BaseDefineColor.h */,
				A4AE20251A37E41C00D59432 /* UIColor+BaseDefineColor.m */,
				A4AE20261A37E41C00D59432 /* UIFont+BaseDefineFont.h */,
				A4AE20271A37E41C00D59432 /* UIFont+BaseDefineFont.m */,
				A4AE20281A37E41C00D59432 /* UITextField+shake.h */,
				A4AE20291A37E41C00D59432 /* UITextField+shake.m */,
			);
			path = BaseDefine;
			sourceTree = "<group>";
		};
		A4AE202A1A37E41C00D59432 /* MainView */ = {
			isa = PBXGroup;
			children = (
				A4AE202B1A37E41C00D59432 /* MainViewController.h */,
				A4AE202C1A37E41C00D59432 /* MainViewController.m */,
				A4AE202D1A37E41C00D59432 /* MainViewController_iPad.xib */,
				A4AE202E1A37E41C00D59432 /* MainViewController_iPhone.xib */,
			);
			path = MainView;
			sourceTree = "<group>";
		};
		A4AE202F1A37E41C00D59432 /* TestViews */ = {
			isa = PBXGroup;
			children = (
				A491DA741A4007B4001722D9 /* TestImageView */,
				A4DDD1B51A3ED69400DAE96A /* TestString */,
				A4AE20481A37E4C000D59432 /* 2048 */,
				A4AE20491A37E4C000D59432 /* Minesweeper */,
				A4AE20301A37E41C00D59432 /* SnowFlake */,
				A4AE20351A37E41C00D59432 /* TextFieldShake */,
			);
			path = TestViews;
			sourceTree = "<group>";
		};
		A4AE20301A37E41C00D59432 /* SnowFlake */ = {
			isa = PBXGroup;
			children = (
				A4AE20311A37E41C00D59432 /* snow_flake.png */,
				A4AE20321A37E41C00D59432 /* TestSnowFallViewController.h */,
				A4AE20331A37E41C00D59432 /* TestSnowFallViewController.m */,
				A4AE20341A37E41C00D59432 /* TestSnowFallViewController_iPhone.xib */,
			);
			path = SnowFlake;
			sourceTree = "<group>";
		};
		A4AE20351A37E41C00D59432 /* TextFieldShake */ = {
			isa = PBXGroup;
			children = (
				A4AE20361A37E41C00D59432 /* TestTextFieldViewController.h */,
				A4AE20371A37E41C00D59432 /* TestTextFieldViewController.m */,
				A4AE20381A37E41C00D59432 /* TestTextFieldViewController_iPhone.xib */,
			);
			path = TextFieldShake;
			sourceTree = "<group>";
		};
		A4AE20471A37E43300D59432 /* 3rdPartyWrapper */ = {
			isa = PBXGroup;
			children = (
			);
			path = 3rdPartyWrapper;
			sourceTree = "<group>";
		};
		A4AE20481A37E4C000D59432 /* 2048 */ = {
			isa = PBXGroup;
			children = (
				A412F6B51A480BA900458121 /* Test2048_back1.png */,
				A412F6B61A480BA900458121 /* Test2048_back2.png */,
				A4AE204A1A37E50200D59432 /* Test2048ViewController.h */,
				A4AE204B1A37E50200D59432 /* Test2048ViewController.m */,
				A412F6B91A480F3100458121 /* Test2048ItemView.h */,
				A412F6BA1A480F3100458121 /* Test2048ItemView.m */,
				A412F6BE1A48186E00458121 /* Test2048Utils.h */,
				A412F6BF1A48186E00458121 /* Test2048Utils.m */,
				A4AE204C1A37E50200D59432 /* Test2048ViewController_iPhone.xib */,
			);
			path = 2048;
			sourceTree = "<group>";
		};
		A4AE20491A37E4C000D59432 /* Minesweeper */ = {
			isa = PBXGroup;
			children = (
			);
			path = Minesweeper;
			sourceTree = "<group>";
		};
		A4DDD1B51A3ED69400DAE96A /* TestString */ = {
			isa = PBXGroup;
			children = (
				A4DDD1B61A3ED6B300DAE96A /* TestStringViewController.h */,
				A4DDD1B71A3ED6B300DAE96A /* TestStringViewController.m */,
				A4DDD1B81A3ED6B300DAE96A /* TestStringViewController_iPhone.xib */,
			);
			path = TestString;
			sourceTree = "<group>";
		};
		A4E2CFAC19F8EBDA005CFC80 /* Classes */ = {
			isa = PBXGroup;
			children = (
				A4AE20471A37E43300D59432 /* 3rdPartyWrapper */,
				A4E2CFAE19F8EBDB005CFC80 /* Defines */,
				A4E2CFAF19F8EBDB005CFC80 /* Utils */,
				A4E2CFB019F8EBDB005CFC80 /* Views */,
			);
			path = Classes;
			sourceTree = "<group>";
		};
		A4E2CFAE19F8EBDB005CFC80 /* Defines */ = {
			isa = PBXGroup;
			children = (
			);
			path = Defines;
			sourceTree = "<group>";
		};
		A4E2CFAF19F8EBDB005CFC80 /* Utils */ = {
			isa = PBXGroup;
			children = (
			);
			path = Utils;
			sourceTree = "<group>";
		};
		A4E2CFB019F8EBDB005CFC80 /* Views */ = {
			isa = PBXGroup;
			children = (
				A4AE201D1A37E41C00D59432 /* BaseDefine */,
				A4AE202A1A37E41C00D59432 /* MainView */,
				A4AE202F1A37E41C00D59432 /* TestViews */,
			);
			path = Views;
			sourceTree = "<group>";
		};
		A4E2CFB319F8EBDB005CFC80 /* Resources */ = {
			isa = PBXGroup;
			children = (
			);
			path = Resources;
			sourceTree = "<group>";
		};
/* End PBXGroup section */

/* Begin PBXNativeTarget section */
		A467209A19F659360062C26D /* BetterLife */ = {
			isa = PBXNativeTarget;
			buildConfigurationList = A46720D019F659360062C26D /* Build configuration list for PBXNativeTarget "BetterLife" */;
			buildPhases = (
				A467209719F659360062C26D /* Sources */,
				A467209819F659360062C26D /* Frameworks */,
				A467209919F659360062C26D /* Resources */,
			);
			buildRules = (
			);
			dependencies = (
			);
			name = BetterLife;
			productName = BetterLife;
			productReference = A467209B19F659360062C26D /* BetterLife.app */;
			productType = "com.apple.product-type.application";
		};
		A46720BE19F659360062C26D /* BetterLifeTests */ = {
			isa = PBXNativeTarget;
			buildConfigurationList = A46720D319F659360062C26D /* Build configuration list for PBXNativeTarget "BetterLifeTests" */;
			buildPhases = (
				A46720BB19F659360062C26D /* Sources */,
				A46720BC19F659360062C26D /* Frameworks */,
				A46720BD19F659360062C26D /* Resources */,
			);
			buildRules = (
			);
			dependencies = (
				A46720C519F659360062C26D /* PBXTargetDependency */,
			);
			name = BetterLifeTests;
			productName = BetterLifeTests;
			productReference = A46720BF19F659360062C26D /* BetterLifeTests.xctest */;
			productType = "com.apple.product-type.bundle.unit-test";
		};
/* End PBXNativeTarget section */

/* Begin PBXProject section */
		A467209319F659360062C26D /* Project object */ = {
			isa = PBXProject;
			attributes = {
				LastUpgradeCheck = 0510;
				ORGANIZATIONNAME = wsliang;
				TargetAttributes = {
					A467209A19F659360062C26D = {
						DevelopmentTeam = E8ACXHT4W6;
					};
					A46720BE19F659360062C26D = {
						TestTargetID = A467209A19F659360062C26D;
					};
				};
			};
			buildConfigurationList = A467209619F659360062C26D /* Build configuration list for PBXProject "BetterLife" */;
			compatibilityVersion = "Xcode 3.2";
			developmentRegion = English;
			hasScannedForEncodings = 0;
			knownRegions = (
				en,
				Base,
			);
			mainGroup = A467209219F659360062C26D;
			productRefGroup = A467209C19F659360062C26D /* Products */;
			projectDirPath = "";
			projectRoot = "";
			targets = (
				A467209A19F659360062C26D /* BetterLife */,
				A46720BE19F659360062C26D /* BetterLifeTests */,
			);
		};
/* End PBXProject section */

/* Begin PBXResourcesBuildPhase section */
		A467209919F659360062C26D /* Resources */ = {
			isa = PBXResourcesBuildPhase;
			buildActionMask = 2147483647;
			files = (
				A4AE204E1A37E50200D59432 /* Test2048ViewController_iPhone.xib in Resources */,
				A412F6B81A480BA900458121 /* Test2048_back2.png in Resources */,
				A4AE20421A37E41C00D59432 /* snow_flake.png in Resources */,
				A412F6B71A480BA900458121 /* Test2048_back1.png in Resources */,
				A4AE20441A37E41C00D59432 /* TestSnowFallViewController_iPhone.xib in Resources */,
				A491DA811A4007B4001722D9 /* TestImageViewController_iPhone.xib in Resources */,
				A4AE20411A37E41C00D59432 /* MainViewController_iPhone.xib in Resources */,
				A46720BA19F659360062C26D /* Images.xcassets in Resources */,
				A4AE20461A37E41C00D59432 /* TestTextFieldViewController_iPhone.xib in Resources */,
				A42301941A42841B0024B154 /* test2@2x.JPG in Resources */,
				A46720A919F659360062C26D /* InfoPlist.strings in Resources */,
				A42301931A42841B0024B154 /* test1@2x.JPG in Resources */,
				A4DDD1BA1A3ED6B300DAE96A /* TestStringViewController_iPhone.xib in Resources */,
				A4AE20401A37E41C00D59432 /* MainViewController_iPad.xib in Resources */,
			);
			runOnlyForDeploymentPostprocessing = 0;
		};
		A46720BD19F659360062C26D /* Resources */ = {
			isa = PBXResourcesBuildPhase;
			buildActionMask = 2147483647;
			files = (
				A46720CB19F659360062C26D /* InfoPlist.strings in Resources */,
			);
			runOnlyForDeploymentPostprocessing = 0;
		};
/* End PBXResourcesBuildPhase section */

/* Begin PBXSourcesBuildPhase section */
		A467209719F659360062C26D /* Sources */ = {
			isa = PBXSourcesBuildPhase;
			buildActionMask = 2147483647;
			files = (
				A4AE204D1A37E50200D59432 /* Test2048ViewController.m in Sources */,
				A4AE203B1A37E41C00D59432 /* BaseDefineViewController.m in Sources */,
				A4AE203C1A37E41C00D59432 /* UIColor+BaseDefineColor.m in Sources */,
				A4AE203A1A37E41C00D59432 /* BaseDefineView.m in Sources */,
				A491DA801A4007B4001722D9 /* TestImageViewController.m in Sources */,
				A46720AF19F659360062C26D /* AppDelegate.m in Sources */,
				A412F6BB1A480F3100458121 /* Test2048ItemView.m in Sources */,
				A412F6C01A48186E00458121 /* Test2048Utils.m in Sources */,
				A4AE203D1A37E41C00D59432 /* UIFont+BaseDefineFont.m in Sources */,
				A4DDD1B91A3ED6B300DAE96A /* TestStringViewController.m in Sources */,
				A4AE20451A37E41C00D59432 /* TestTextFieldViewController.m in Sources */,
				A4AE20391A37E41C00D59432 /* BaseDefineObject.m in Sources */,
				A4AE203E1A37E41C00D59432 /* UITextField+shake.m in Sources */,
				A46720AB19F659360062C26D /* main.m in Sources */,
				A4AE20431A37E41C00D59432 /* TestSnowFallViewController.m in Sources */,
				A4AE203F1A37E41C00D59432 /* MainViewController.m in Sources */,
			);
			runOnlyForDeploymentPostprocessing = 0;
		};
		A46720BB19F659360062C26D /* Sources */ = {
			isa = PBXSourcesBuildPhase;
			buildActionMask = 2147483647;
			files = (
				A46720CD19F659360062C26D /* BetterLifeTests.m in Sources */,
			);
			runOnlyForDeploymentPostprocessing = 0;
		};
/* End PBXSourcesBuildPhase section */

/* Begin PBXTargetDependency section */
		A46720C519F659360062C26D /* PBXTargetDependency */ = {
			isa = PBXTargetDependency;
			target = A467209A19F659360062C26D /* BetterLife */;
			targetProxy = A46720C419F659360062C26D /* PBXContainerItemProxy */;
		};
/* End PBXTargetDependency section */

/* Begin PBXVariantGroup section */
		A46720A719F659360062C26D /* InfoPlist.strings */ = {
			isa = PBXVariantGroup;
			children = (
				A46720A819F659360062C26D /* en */,
			);
			name = InfoPlist.strings;
			sourceTree = "<group>";
		};
		A46720C919F659360062C26D /* InfoPlist.strings */ = {
			isa = PBXVariantGroup;
			children = (
				A46720CA19F659360062C26D /* en */,
			);
			name = InfoPlist.strings;
			sourceTree = "<group>";
		};
/* End PBXVariantGroup section */

/* Begin XCBuildConfiguration section */
		A46720CE19F659360062C26D /* Debug */ = {
			isa = XCBuildConfiguration;
			buildSettings = {
				ALWAYS_SEARCH_USER_PATHS = NO;
				CLANG_CXX_LANGUAGE_STANDARD = "gnu++0x";
				CLANG_CXX_LIBRARY = "libc++";
				CLANG_ENABLE_MODULES = YES;
				CLANG_ENABLE_OBJC_ARC = YES;
				CLANG_WARN_BOOL_CONVERSION = YES;
				CLANG_WARN_CONSTANT_CONVERSION = YES;
				CLANG_WARN_DIRECT_OBJC_ISA_USAGE = YES_ERROR;
				CLANG_WARN_EMPTY_BODY = YES;
				CLANG_WARN_ENUM_CONVERSION = YES;
				CLANG_WARN_INT_CONVERSION = YES;
				CLANG_WARN_OBJC_ROOT_CLASS = YES_ERROR;
				CLANG_WARN__DUPLICATE_METHOD_MATCH = YES;
				"CODE_SIGN_IDENTITY[sdk=iphoneos*]" = "iPhone Developer";
				COPY_PHASE_STRIP = NO;
				GCC_C_LANGUAGE_STANDARD = gnu99;
				GCC_DYNAMIC_NO_PIC = NO;
				GCC_OPTIMIZATION_LEVEL = 0;
				GCC_PREPROCESSOR_DEFINITIONS = (
					"DEBUG=1",
					"$(inherited)",
				);
				GCC_SYMBOLS_PRIVATE_EXTERN = NO;
				GCC_WARN_64_TO_32_BIT_CONVERSION = YES;
				GCC_WARN_ABOUT_RETURN_TYPE = YES_ERROR;
				GCC_WARN_UNDECLARED_SELECTOR = YES;
				GCC_WARN_UNINITIALIZED_AUTOS = YES_AGGRESSIVE;
				GCC_WARN_UNUSED_FUNCTION = YES;
				GCC_WARN_UNUSED_VARIABLE = YES;
				IPHONEOS_DEPLOYMENT_TARGET = 7.1;
				ONLY_ACTIVE_ARCH = YES;
				SDKROOT = iphoneos;
				TARGETED_DEVICE_FAMILY = "1,2";
			};
			name = Debug;
		};
		A46720CF19F659360062C26D /* Release */ = {
			isa = XCBuildConfiguration;
			buildSettings = {
				ALWAYS_SEARCH_USER_PATHS = NO;
				CLANG_CXX_LANGUAGE_STANDARD = "gnu++0x";
				CLANG_CXX_LIBRARY = "libc++";
				CLANG_ENABLE_MODULES = YES;
				CLANG_ENABLE_OBJC_ARC = YES;
				CLANG_WARN_BOOL_CONVERSION = YES;
				CLANG_WARN_CONSTANT_CONVERSION = YES;
				CLANG_WARN_DIRECT_OBJC_ISA_USAGE = YES_ERROR;
				CLANG_WARN_EMPTY_BODY = YES;
				CLANG_WARN_ENUM_CONVERSION = YES;
				CLANG_WARN_INT_CONVERSION = YES;
				CLANG_WARN_OBJC_ROOT_CLASS = YES_ERROR;
				CLANG_WARN__DUPLICATE_METHOD_MATCH = YES;
				"CODE_SIGN_IDENTITY[sdk=iphoneos*]" = "iPhone Developer";
				COPY_PHASE_STRIP = YES;
				ENABLE_NS_ASSERTIONS = NO;
				GCC_C_LANGUAGE_STANDARD = gnu99;
				GCC_WARN_64_TO_32_BIT_CONVERSION = YES;
				GCC_WARN_ABOUT_RETURN_TYPE = YES_ERROR;
				GCC_WARN_UNDECLARED_SELECTOR = YES;
				GCC_WARN_UNINITIALIZED_AUTOS = YES_AGGRESSIVE;
				GCC_WARN_UNUSED_FUNCTION = YES;
				GCC_WARN_UNUSED_VARIABLE = YES;
				IPHONEOS_DEPLOYMENT_TARGET = 7.1;
				SDKROOT = iphoneos;
				TARGETED_DEVICE_FAMILY = "1,2";
				VALIDATE_PRODUCT = YES;
			};
			name = Release;
		};
		A46720D119F659360062C26D /* Debug */ = {
			isa = XCBuildConfiguration;
			buildSettings = {
				ASSETCATALOG_COMPILER_APPICON_NAME = AppIcon;
				ASSETCATALOG_COMPILER_LAUNCHIMAGE_NAME = LaunchImage;
				CODE_SIGN_IDENTITY = "iPhone Developer";
				GCC_PRECOMPILE_PREFIX_HEADER = YES;
				GCC_PREFIX_HEADER = "BetterLife/BetterLife-Prefix.pch";
				INFOPLIST_FILE = "BetterLife/BetterLife-Info.plist";
				IPHONEOS_DEPLOYMENT_TARGET = 6.0;
				PRODUCT_NAME = "$(TARGET_NAME)";
				PROVISIONING_PROFILE = "ADF9DB76-14D6-4AEA-BB2E-A9C5CB4868E7";
				TARGETED_DEVICE_FAMILY = 1;
				WRAPPER_EXTENSION = app;
			};
			name = Debug;
		};
		A46720D219F659360062C26D /* Release */ = {
			isa = XCBuildConfiguration;
			buildSettings = {
				ASSETCATALOG_COMPILER_APPICON_NAME = AppIcon;
				ASSETCATALOG_COMPILER_LAUNCHIMAGE_NAME = LaunchImage;
				CODE_SIGN_IDENTITY = "iPhone Developer";
				GCC_PRECOMPILE_PREFIX_HEADER = YES;
				GCC_PREFIX_HEADER = "BetterLife/BetterLife-Prefix.pch";
				INFOPLIST_FILE = "BetterLife/BetterLife-Info.plist";
				IPHONEOS_DEPLOYMENT_TARGET = 6.0;
				PRODUCT_NAME = "$(TARGET_NAME)";
				PROVISIONING_PROFILE = "ADF9DB76-14D6-4AEA-BB2E-A9C5CB4868E7";
				TARGETED_DEVICE_FAMILY = 1;
				WRAPPER_EXTENSION = app;
			};
			name = Release;
		};
		A46720D419F659360062C26D /* Debug */ = {
			isa = XCBuildConfiguration;
			buildSettings = {
				BUNDLE_LOADER = "$(BUILT_PRODUCTS_DIR)/BetterLife.app/BetterLife";
				FRAMEWORK_SEARCH_PATHS = (
					"$(SDKROOT)/Developer/Library/Frameworks",
					"$(inherited)",
					"$(DEVELOPER_FRAMEWORKS_DIR)",
				);
				GCC_PRECOMPILE_PREFIX_HEADER = YES;
				GCC_PREFIX_HEADER = "BetterLife/BetterLife-Prefix.pch";
				GCC_PREPROCESSOR_DEFINITIONS = (
					"DEBUG=1",
					"$(inherited)",
				);
				INFOPLIST_FILE = "BetterLifeTests/BetterLifeTests-Info.plist";
				PRODUCT_NAME = "$(TARGET_NAME)";
				TEST_HOST = "$(BUNDLE_LOADER)";
				WRAPPER_EXTENSION = xctest;
			};
			name = Debug;
		};
		A46720D519F659360062C26D /* Release */ = {
			isa = XCBuildConfiguration;
			buildSettings = {
				BUNDLE_LOADER = "$(BUILT_PRODUCTS_DIR)/BetterLife.app/BetterLife";
				FRAMEWORK_SEARCH_PATHS = (
					"$(SDKROOT)/Developer/Library/Frameworks",
					"$(inherited)",
					"$(DEVELOPER_FRAMEWORKS_DIR)",
				);
				GCC_PRECOMPILE_PREFIX_HEADER = YES;
				GCC_PREFIX_HEADER = "BetterLife/BetterLife-Prefix.pch";
				INFOPLIST_FILE = "BetterLifeTests/BetterLifeTests-Info.plist";
				PRODUCT_NAME = "$(TARGET_NAME)";
				TEST_HOST = "$(BUNDLE_LOADER)";
				WRAPPER_EXTENSION = xctest;
			};
			name = Release;
		};
/* End XCBuildConfiguration section */

/* Begin XCConfigurationList section */
		A467209619F659360062C26D /* Build configuration list for PBXProject "BetterLife" */ = {
			isa = XCConfigurationList;
			buildConfigurations = (
				A46720CE19F659360062C26D /* Debug */,
				A46720CF19F659360062C26D /* Release */,
			);
			defaultConfigurationIsVisible = 0;
			defaultConfigurationName = Release;
		};
		A46720D019F659360062C26D /* Build configuration list for PBXNativeTarget "BetterLife" */ = {
			isa = XCConfigurationList;
			buildConfigurations = (
				A46720D119F659360062C26D /* Debug */,
				A46720D219F659360062C26D /* Release */,
			);
			defaultConfigurationIsVisible = 0;
			defaultConfigurationName = Release;
		};
		A46720D319F659360062C26D /* Build configuration list for PBXNativeTarget "BetterLifeTests" */ = {
			isa = XCConfigurationList;
			buildConfigurations = (
				A46720D419F659360062C26D /* Debug */,
				A46720D519F659360062C26D /* Release */,
			);
			defaultConfigurationIsVisible = 0;
			defaultConfigurationName = Release;
		};
/* End XCConfigurationList section */
	};
	rootObject = A467209319F659360062C26D /* Project object */;
}
